// !$*UTF8*$!
{
	archiveVersion = 1;
	classes = {
	};
	objectVersion = 56;
	objects = {

/* Begin PBXBuildFile section */
		1F0D38EC2CA25B0C00F15A54 /* TestTaskTabarView.swift in Sources */ = {isa = PBXBuildFile; fileRef = 1F0D38EB2CA25B0C00F15A54 /* TestTaskTabarView.swift */; };
		1F0D38EF2CA2600500F15A54 /* TestWalkThroughView.swift in Sources */ = {isa = PBXBuildFile; fileRef = 1F0D38EE2CA2600500F15A54 /* TestWalkThroughView.swift */; };
		1F0D38F02CA2613800F15A54 /* WalkthroughView.swift in Sources */ = {isa = PBXBuildFile; fileRef = 1FBC244D2C945585006FB7AE /* WalkthroughView.swift */; };
		1F0D38F12CA2614B00F15A54 /* WalkthroughFeatureView.swift in Sources */ = {isa = PBXBuildFile; fileRef = 1F88FADB2C95566D00E09D88 /* WalkthroughFeatureView.swift */; };
		1F0D38F22CA2617900F15A54 /* UserDefaultManager.swift in Sources */ = {isa = PBXBuildFile; fileRef = 1FAF294C2C90693800686EA3 /* UserDefaultManager.swift */; };
		1F0D38F32CA2617B00F15A54 /* Constants.swift in Sources */ = {isa = PBXBuildFile; fileRef = 1FA9BB882C919500005CDA16 /* Constants.swift */; };
		1F0D38F42CA2617E00F15A54 /* HapticManager.swift in Sources */ = {isa = PBXBuildFile; fileRef = 1FCC9AB32C92A6DB00046ACF /* HapticManager.swift */; };
		1F0D38F52CA2618200F15A54 /* AppConfiguration.swift in Sources */ = {isa = PBXBuildFile; fileRef = 1F88FAD92C9537A800E09D88 /* AppConfiguration.swift */; };
		1F0D38FB2CA2656200F15A54 /* MockGenerateTaskView.swift in Sources */ = {isa = PBXBuildFile; fileRef = 1F0D38FA2CA2656200F15A54 /* MockGenerateTaskView.swift */; };
		1F0D39012CA2737700F15A54 /* Views_Preview.swift in Sources */ = {isa = PBXBuildFile; fileRef = 1F0D39002CA2737700F15A54 /* Views_Preview.swift */; };
		1F341FD02C8EF71F0098C834 /* DashboardViewModel.swift in Sources */ = {isa = PBXBuildFile; fileRef = 1F341FCF2C8EF71F0098C834 /* DashboardViewModel.swift */; };
		1F341FD22C8EFD9E0098C834 /* TodayTaskProgressView.swift in Sources */ = {isa = PBXBuildFile; fileRef = 1F341FD12C8EFD9E0098C834 /* TodayTaskProgressView.swift */; };
		1F341FD42C8EFDEC0098C834 /* TaskInProgressView.swift in Sources */ = {isa = PBXBuildFile; fileRef = 1F341FD32C8EFDEC0098C834 /* TaskInProgressView.swift */; };
		1F341FD62C8EFE230098C834 /* TaskGroupView.swift in Sources */ = {isa = PBXBuildFile; fileRef = 1F341FD52C8EFE230098C834 /* TaskGroupView.swift */; };
		1F341FD92C8F07530098C834 /* Color+Extension.swift in Sources */ = {isa = PBXBuildFile; fileRef = 1F341FD82C8F07530098C834 /* Color+Extension.swift */; };
		1F341FDB2C8F33AC0098C834 /* TaskStatus.swift in Sources */ = {isa = PBXBuildFile; fileRef = 1F341FDA2C8F33AC0098C834 /* TaskStatus.swift */; };
		1F341FDC2C8F33AC0098C834 /* TaskStatus.swift in Sources */ = {isa = PBXBuildFile; fileRef = 1F341FDA2C8F33AC0098C834 /* TaskStatus.swift */; };
		1F487DF32C9A7F8600066D5C /* AuthenticationViewModel.swift in Sources */ = {isa = PBXBuildFile; fileRef = 1F487DF22C9A7F8600066D5C /* AuthenticationViewModel.swift */; };
		1F487DF72C9A882A00066D5C /* UserModel.swift in Sources */ = {isa = PBXBuildFile; fileRef = 1F487DF62C9A882A00066D5C /* UserModel.swift */; };
		1F487DF92C9A892700066D5C /* ChatAIModel.swift in Sources */ = {isa = PBXBuildFile; fileRef = 1F487DF82C9A892700066D5C /* ChatAIModel.swift */; };
		1F487DFC2C9A8BF800066D5C /* SignInViewModel.swift in Sources */ = {isa = PBXBuildFile; fileRef = 1F487DFB2C9A8BF800066D5C /* SignInViewModel.swift */; };
		1F487DFE2C9AB8D300066D5C /* AppDelegate.swift in Sources */ = {isa = PBXBuildFile; fileRef = 1F487DFD2C9AB8D300066D5C /* AppDelegate.swift */; };
		1F487E012C9ABF8E00066D5C /* SigninView.swift in Sources */ = {isa = PBXBuildFile; fileRef = 1F487E002C9ABF8E00066D5C /* SigninView.swift */; };
		1F487E032C9AD48800066D5C /* SideMenuHeaderView.swift in Sources */ = {isa = PBXBuildFile; fileRef = 1F487E022C9AD48800066D5C /* SideMenuHeaderView.swift */; };
		1F64945F2C8F722300344661 /* Utils.swift in Sources */ = {isa = PBXBuildFile; fileRef = 1F64945E2C8F722300344661 /* Utils.swift */; };
		1F88043B2CA6C92D00CEF589 /* NotificationServiceProtocol.swift in Sources */ = {isa = PBXBuildFile; fileRef = 1F88043A2CA6C92D00CEF589 /* NotificationServiceProtocol.swift */; };
		1F88043C2CA6C92D00CEF589 /* NotificationServiceProtocol.swift in Sources */ = {isa = PBXBuildFile; fileRef = 1F88043A2CA6C92D00CEF589 /* NotificationServiceProtocol.swift */; };
		1F88FADA2C9537A800E09D88 /* AppConfiguration.swift in Sources */ = {isa = PBXBuildFile; fileRef = 1F88FAD92C9537A800E09D88 /* AppConfiguration.swift */; };
		1F88FADC2C95566D00E09D88 /* WalkthroughFeatureView.swift in Sources */ = {isa = PBXBuildFile; fileRef = 1F88FADB2C95566D00E09D88 /* WalkthroughFeatureView.swift */; };
		1F8A70D12C8E95BE00D99C9A /* TaskManagementApp.swift in Sources */ = {isa = PBXBuildFile; fileRef = 1F8A70D02C8E95BE00D99C9A /* TaskManagementApp.swift */; };
		1F8A70D32C8E95BE00D99C9A /* ContentView.swift in Sources */ = {isa = PBXBuildFile; fileRef = 1F8A70D22C8E95BE00D99C9A /* ContentView.swift */; };
		1F8A70D52C8E95BF00D99C9A /* Assets.xcassets in Resources */ = {isa = PBXBuildFile; fileRef = 1F8A70D42C8E95BF00D99C9A /* Assets.xcassets */; };
		1F8A70D82C8E95BF00D99C9A /* Preview Assets.xcassets in Resources */ = {isa = PBXBuildFile; fileRef = 1F8A70D72C8E95BF00D99C9A /* Preview Assets.xcassets */; };
		1F8A70E22C8E95BF00D99C9A /* TaskManagementTests.swift in Sources */ = {isa = PBXBuildFile; fileRef = 1F8A70E12C8E95BF00D99C9A /* TaskManagementTests.swift */; };
		1F8A70EC2C8E95BF00D99C9A /* TaskManagementUITests.swift in Sources */ = {isa = PBXBuildFile; fileRef = 1F8A70EB2C8E95BF00D99C9A /* TaskManagementUITests.swift */; };
		1F8A70EE2C8E95BF00D99C9A /* TaskManagementUITestsLaunchTests.swift in Sources */ = {isa = PBXBuildFile; fileRef = 1F8A70ED2C8E95BF00D99C9A /* TaskManagementUITestsLaunchTests.swift */; };
		1F94776A2C91E8F400480444 /* TaskPriority.swift in Sources */ = {isa = PBXBuildFile; fileRef = 1FDA7F0E2C8E9DFB00B969A1 /* TaskPriority.swift */; };
		1F94776B2C91E8F700480444 /* TaskCategory.swift in Sources */ = {isa = PBXBuildFile; fileRef = 1FDA7F122C8E9E2200B969A1 /* TaskCategory.swift */; };
		1F94776D2C91EC5300480444 /* TaskReminderViewModel.swift in Sources */ = {isa = PBXBuildFile; fileRef = 1F94776C2C91EC5300480444 /* TaskReminderViewModel.swift */; };
		1F990AF42C911454003B5117 /* DueDateCalendarView.swift in Sources */ = {isa = PBXBuildFile; fileRef = 1F990AF32C911454003B5117 /* DueDateCalendarView.swift */; };
		1F990AF62C91305B003B5117 /* TaskCalendarViewModel.swift in Sources */ = {isa = PBXBuildFile; fileRef = 1F990AF52C91305B003B5117 /* TaskCalendarViewModel.swift */; };
		1F990AF82C9133E5003B5117 /* DueDatePickerView.swift in Sources */ = {isa = PBXBuildFile; fileRef = 1F990AF72C9133E5003B5117 /* DueDatePickerView.swift */; };
		1F990AFA2C915359003B5117 /* ToastView.swift in Sources */ = {isa = PBXBuildFile; fileRef = 1F990AF92C915359003B5117 /* ToastView.swift */; };
		1FA9BB892C919500005CDA16 /* Constants.swift in Sources */ = {isa = PBXBuildFile; fileRef = 1FA9BB882C919500005CDA16 /* Constants.swift */; };
		1FAF293B2C8FDDB200686EA3 /* TaskTabarView.swift in Sources */ = {isa = PBXBuildFile; fileRef = 1FAF293A2C8FDDB200686EA3 /* TaskTabarView.swift */; };
		1FAF293F2C9003D100686EA3 /* Date+Extension.swift in Sources */ = {isa = PBXBuildFile; fileRef = 1FAF293E2C9003D100686EA3 /* Date+Extension.swift */; };
		1FAF29412C90040F00686EA3 /* DueDatePicker.swift in Sources */ = {isa = PBXBuildFile; fileRef = 1FAF29402C90040F00686EA3 /* DueDatePicker.swift */; };
		1FAF29442C90527900686EA3 /* TaskCalendarView.swift in Sources */ = {isa = PBXBuildFile; fileRef = 1FAF29432C90527900686EA3 /* TaskCalendarView.swift */; };
		1FAF29472C9053B900686EA3 /* SideMenuView.swift in Sources */ = {isa = PBXBuildFile; fileRef = 1FAF29462C9053B900686EA3 /* SideMenuView.swift */; };
		1FAF294B2C9058EB00686EA3 /* NotificationService.swift in Sources */ = {isa = PBXBuildFile; fileRef = 1FAF294A2C9058EB00686EA3 /* NotificationService.swift */; };
		1FAF294D2C90693800686EA3 /* UserDefaultManager.swift in Sources */ = {isa = PBXBuildFile; fileRef = 1FAF294C2C90693800686EA3 /* UserDefaultManager.swift */; };
		1FB564A22C96C69C00D01238 /* GoogleService-Info.plist in Resources */ = {isa = PBXBuildFile; fileRef = 1FB564A02C96C69C00D01238 /* GoogleService-Info.plist */; };
		1FB564A32C96C69C00D01238 /* APIKeys.plist in Resources */ = {isa = PBXBuildFile; fileRef = 1FB564A12C96C69C00D01238 /* APIKeys.plist */; };
		1FB564A82C9705FA00D01238 /* task-template.json in Resources */ = {isa = PBXBuildFile; fileRef = 1FB564A72C9705FA00D01238 /* task-template.json */; };
		1FB564AA2C97161600D01238 /* GenerateTaskViewModel.swift in Sources */ = {isa = PBXBuildFile; fileRef = 1FB564A92C97161600D01238 /* GenerateTaskViewModel.swift */; };
		1FB564AD2C97179800D01238 /* GenerateTaskView.swift in Sources */ = {isa = PBXBuildFile; fileRef = 1FB564AC2C97179800D01238 /* GenerateTaskView.swift */; };
		1FBC243A2C93CFC6006FB7AE /* CalendarDateView.swift in Sources */ = {isa = PBXBuildFile; fileRef = 1FBC24392C93CFC6006FB7AE /* CalendarDateView.swift */; };
		1FBC243E2C93E05A006FB7AE /* TaskDueDateSectionView.swift in Sources */ = {isa = PBXBuildFile; fileRef = 1FBC243D2C93E05A006FB7AE /* TaskDueDateSectionView.swift */; };
		1FBC24402C93E09D006FB7AE /* EmtyTaskDueDateView.swift in Sources */ = {isa = PBXBuildFile; fileRef = 1FBC243F2C93E09D006FB7AE /* EmtyTaskDueDateView.swift */; };
		1FBC24422C93E2B9006FB7AE /* View+Extension.swift in Sources */ = {isa = PBXBuildFile; fileRef = 1FBC24412C93E2B9006FB7AE /* View+Extension.swift */; };
		1FBC24442C9424C8006FB7AE /* TaskProgress.swift in Sources */ = {isa = PBXBuildFile; fileRef = 1FBC24432C9424C8006FB7AE /* TaskProgress.swift */; };
		1FBC24462C942DAA006FB7AE /* LaunchIC.png in Resources */ = {isa = PBXBuildFile; fileRef = 1FBC24452C942DAA006FB7AE /* LaunchIC.png */; };
		1FBC24492C94304A006FB7AE /* ShareService.swift in Sources */ = {isa = PBXBuildFile; fileRef = 1FBC24482C94304A006FB7AE /* ShareService.swift */; };
		1FBC244B2C9448D1006FB7AE /* ComingSoonView.swift in Sources */ = {isa = PBXBuildFile; fileRef = 1FBC244A2C9448D1006FB7AE /* ComingSoonView.swift */; };
		1FBC244E2C945585006FB7AE /* WalkthroughView.swift in Sources */ = {isa = PBXBuildFile; fileRef = 1FBC244D2C945585006FB7AE /* WalkthroughView.swift */; };
		1FBC24522C948AF6006FB7AE /* OpenAIAPIEndpoint.swift in Sources */ = {isa = PBXBuildFile; fileRef = 1FBC244F2C948AF6006FB7AE /* OpenAIAPIEndpoint.swift */; };
		1FBC24532C948AF6006FB7AE /* NetworkError.swift in Sources */ = {isa = PBXBuildFile; fileRef = 1FBC24502C948AF6006FB7AE /* NetworkError.swift */; };
		1FBC24552C94939D006FB7AE /* ChatAIViewModel.swift in Sources */ = {isa = PBXBuildFile; fileRef = 1FBC24542C94939D006FB7AE /* ChatAIViewModel.swift */; };
		1FBC2D742C98076D00478312 /* SubTaskView.swift in Sources */ = {isa = PBXBuildFile; fileRef = 1FBC2D732C98076D00478312 /* SubTaskView.swift */; };
		1FCC9AAE2C92975F00046ACF /* RoundedCross.swift in Sources */ = {isa = PBXBuildFile; fileRef = 1FCC9AA52C92975F00046ACF /* RoundedCross.swift */; };
		1FCC9AAF2C92975F00046ACF /* SlimRectangle.swift in Sources */ = {isa = PBXBuildFile; fileRef = 1FCC9AA62C92975F00046ACF /* SlimRectangle.swift */; };
		1FCC9AB02C92975F00046ACF /* Triangle.swift in Sources */ = {isa = PBXBuildFile; fileRef = 1FCC9AA72C92975F00046ACF /* Triangle.swift */; };
		1FCC9AB12C92975F00046ACF /* ConfettiSwiftUI.swift in Sources */ = {isa = PBXBuildFile; fileRef = 1FCC9AA92C92975F00046ACF /* ConfettiSwiftUI.swift */; };
		1FCC9AB22C92975F00046ACF /* View+ConfettiCannon.swift in Sources */ = {isa = PBXBuildFile; fileRef = 1FCC9AAA2C92975F00046ACF /* View+ConfettiCannon.swift */; };
		1FCC9AB42C92A6DB00046ACF /* HapticManager.swift in Sources */ = {isa = PBXBuildFile; fileRef = 1FCC9AB32C92A6DB00046ACF /* HapticManager.swift */; };
		1FCC9AB62C92F11300046ACF /* Calendar+Extension.swift in Sources */ = {isa = PBXBuildFile; fileRef = 1FCC9AB52C92F11300046ACF /* Calendar+Extension.swift */; };
		1FDA7F0D2C8E9DE500B969A1 /* TaskModel.swift in Sources */ = {isa = PBXBuildFile; fileRef = 1FDA7F0C2C8E9DE500B969A1 /* TaskModel.swift */; };
		1FDA7F0F2C8E9DFB00B969A1 /* TaskPriority.swift in Sources */ = {isa = PBXBuildFile; fileRef = 1FDA7F0E2C8E9DFB00B969A1 /* TaskPriority.swift */; };
		1FDA7F102C8E9E0600B969A1 /* TaskModel.swift in Sources */ = {isa = PBXBuildFile; fileRef = 1FDA7F0C2C8E9DE500B969A1 /* TaskModel.swift */; };
		1FDA7F132C8E9E2200B969A1 /* TaskCategory.swift in Sources */ = {isa = PBXBuildFile; fileRef = 1FDA7F122C8E9E2200B969A1 /* TaskCategory.swift */; };
		1FDA7F162C8E9E6A00B969A1 /* TaskListViewModel.swift in Sources */ = {isa = PBXBuildFile; fileRef = 1FDA7F152C8E9E6A00B969A1 /* TaskListViewModel.swift */; };
		1FDA7F192C8E9E7F00B969A1 /* TaskDetailsViewModel.swift in Sources */ = {isa = PBXBuildFile; fileRef = 1FDA7F182C8E9E7F00B969A1 /* TaskDetailsViewModel.swift */; };
		1FDA7F1C2C8E9E9700B969A1 /* TaskEditViewModel.swift in Sources */ = {isa = PBXBuildFile; fileRef = 1FDA7F1B2C8E9E9700B969A1 /* TaskEditViewModel.swift */; };
		1FDA7F1F2C8E9EB300B969A1 /* TaskListView.swift in Sources */ = {isa = PBXBuildFile; fileRef = 1FDA7F1E2C8E9EB300B969A1 /* TaskListView.swift */; };
		1FDA7F242C8E9F0400B969A1 /* TaskRowView.swift in Sources */ = {isa = PBXBuildFile; fileRef = 1FDA7F232C8E9F0400B969A1 /* TaskRowView.swift */; };
		1FDA7F282C8E9F2200B969A1 /* TaskDetailView.swift in Sources */ = {isa = PBXBuildFile; fileRef = 1FDA7F272C8E9F2200B969A1 /* TaskDetailView.swift */; };
		1FDA7F392C8EA0F700B969A1 /* Launch Screen.storyboard in Resources */ = {isa = PBXBuildFile; fileRef = 1FDA7F382C8EA0F700B969A1 /* Launch Screen.storyboard */; };
		1FDA7F3C2C8EA1E400B969A1 /* TaskManagerDB.swift in Sources */ = {isa = PBXBuildFile; fileRef = 1FDA7F3B2C8EA1E400B969A1 /* TaskManagerDB.swift */; };
		1FDA7F3E2C8EA1FA00B969A1 /* NetworkClient.swift in Sources */ = {isa = PBXBuildFile; fileRef = 1FDA7F3D2C8EA1FA00B969A1 /* NetworkClient.swift */; };
		1FDA7F422C8EAC3D00B969A1 /* TaskTest.swift in Sources */ = {isa = PBXBuildFile; fileRef = 1FDA7F412C8EAC3D00B969A1 /* TaskTest.swift */; };
		1FDA7F442C8EBFBD00B969A1 /* TaskEntity.swift in Sources */ = {isa = PBXBuildFile; fileRef = 1FDA7F432C8EBFBD00B969A1 /* TaskEntity.swift */; };
		1FDA7F482C8EE0B000B969A1 /* AddTaskView.swift in Sources */ = {isa = PBXBuildFile; fileRef = 1FDA7F472C8EE0B000B969A1 /* AddTaskView.swift */; };
		1FDA7F4A2C8EE76A00B969A1 /* EmptyTaskView.swift in Sources */ = {isa = PBXBuildFile; fileRef = 1FDA7F492C8EE76A00B969A1 /* EmptyTaskView.swift */; };
		1FDA7F4C2C8EF0EE00B969A1 /* DashboardView.swift in Sources */ = {isa = PBXBuildFile; fileRef = 1FDA7F4B2C8EF0EE00B969A1 /* DashboardView.swift */; };
		1FDA7F502C8EF3E000B969A1 /* CircleProgressView.swift in Sources */ = {isa = PBXBuildFile; fileRef = 1FDA7F4F2C8EF3E000B969A1 /* CircleProgressView.swift */; };
		1FDF3DD32CA16501009D100F /* TestTaskListViewModel.swift in Sources */ = {isa = PBXBuildFile; fileRef = 1FDF3DD22CA16501009D100F /* TestTaskListViewModel.swift */; };
		1FDF3DD52CA16724009D100F /* MockTaskManagerDB.swift in Sources */ = {isa = PBXBuildFile; fileRef = 1FDF3DD42CA16724009D100F /* MockTaskManagerDB.swift */; };
		1FDF3DD72CA16F61009D100F /* TestTaskEditViewModel.swift in Sources */ = {isa = PBXBuildFile; fileRef = 1FDF3DD62CA16F61009D100F /* TestTaskEditViewModel.swift */; };
		1FDF3DD92CA17140009D100F /* TaskManagerDBProtocol.swift in Sources */ = {isa = PBXBuildFile; fileRef = 1FDF3DD82CA17140009D100F /* TaskManagerDBProtocol.swift */; };
		1FDF3DDA2CA1716A009D100F /* TaskManagerDBProtocol.swift in Sources */ = {isa = PBXBuildFile; fileRef = 1FDF3DD82CA17140009D100F /* TaskManagerDBProtocol.swift */; };
		1FDF3DDB2CA176CB009D100F /* TaskListViewModel.swift in Sources */ = {isa = PBXBuildFile; fileRef = 1FDA7F152C8E9E6A00B969A1 /* TaskListViewModel.swift */; };
		1FDF3DDE2CA1792C009D100F /* ShareService.swift in Sources */ = {isa = PBXBuildFile; fileRef = 1FBC24482C94304A006FB7AE /* ShareService.swift */; };
		1FDF3DDF2CA1794C009D100F /* Constants.swift in Sources */ = {isa = PBXBuildFile; fileRef = 1FA9BB882C919500005CDA16 /* Constants.swift */; };
		1FDF3DE02CA17952009D100F /* UserDefaultManager.swift in Sources */ = {isa = PBXBuildFile; fileRef = 1FAF294C2C90693800686EA3 /* UserDefaultManager.swift */; };
		1FDF3DE12CA17957009D100F /* HapticManager.swift in Sources */ = {isa = PBXBuildFile; fileRef = 1FCC9AB32C92A6DB00046ACF /* HapticManager.swift */; };
		1FDF3DE22CA1795C009D100F /* AppConfiguration.swift in Sources */ = {isa = PBXBuildFile; fileRef = 1F88FAD92C9537A800E09D88 /* AppConfiguration.swift */; };
		1FDF3DE32CA17960009D100F /* Utils.swift in Sources */ = {isa = PBXBuildFile; fileRef = 1F64945E2C8F722300344661 /* Utils.swift */; };
		1FDF3DE42CA1865E009D100F /* TaskEditViewModel.swift in Sources */ = {isa = PBXBuildFile; fileRef = 1FDA7F1B2C8E9E9700B969A1 /* TaskEditViewModel.swift */; };
		5A8B0A679F98436298504E5F /* Pods_TaskManagement.framework in Frameworks */ = {isa = PBXBuildFile; fileRef = DCFD7E81FE717BB38E9F109C /* Pods_TaskManagement.framework */; };
/* End PBXBuildFile section */

/* Begin PBXContainerItemProxy section */
		1F8A70DE2C8E95BF00D99C9A /* PBXContainerItemProxy */ = {
			isa = PBXContainerItemProxy;
			containerPortal = 1F8A70C52C8E95BE00D99C9A /* Project object */;
			proxyType = 1;
			remoteGlobalIDString = 1F8A70CC2C8E95BE00D99C9A;
			remoteInfo = TaskManagement;
		};
		1F8A70E82C8E95BF00D99C9A /* PBXContainerItemProxy */ = {
			isa = PBXContainerItemProxy;
			containerPortal = 1F8A70C52C8E95BE00D99C9A /* Project object */;
			proxyType = 1;
			remoteGlobalIDString = 1F8A70CC2C8E95BE00D99C9A;
			remoteInfo = TaskManagement;
		};
/* End PBXContainerItemProxy section */

/* Begin PBXFileReference section */
		1F0D38EB2CA25B0C00F15A54 /* TestTaskTabarView.swift */ = {isa = PBXFileReference; lastKnownFileType = sourcecode.swift; path = TestTaskTabarView.swift; sourceTree = "<group>"; };
		1F0D38EE2CA2600500F15A54 /* TestWalkThroughView.swift */ = {isa = PBXFileReference; lastKnownFileType = sourcecode.swift; path = TestWalkThroughView.swift; sourceTree = "<group>"; };
		1F0D38FA2CA2656200F15A54 /* MockGenerateTaskView.swift */ = {isa = PBXFileReference; lastKnownFileType = sourcecode.swift; path = MockGenerateTaskView.swift; sourceTree = "<group>"; };
		1F0D39002CA2737700F15A54 /* Views_Preview.swift */ = {isa = PBXFileReference; lastKnownFileType = sourcecode.swift; path = Views_Preview.swift; sourceTree = "<group>"; };
		1F341FCF2C8EF71F0098C834 /* DashboardViewModel.swift */ = {isa = PBXFileReference; lastKnownFileType = sourcecode.swift; path = DashboardViewModel.swift; sourceTree = "<group>"; };
		1F341FD12C8EFD9E0098C834 /* TodayTaskProgressView.swift */ = {isa = PBXFileReference; lastKnownFileType = sourcecode.swift; path = TodayTaskProgressView.swift; sourceTree = "<group>"; };
		1F341FD32C8EFDEC0098C834 /* TaskInProgressView.swift */ = {isa = PBXFileReference; lastKnownFileType = sourcecode.swift; path = TaskInProgressView.swift; sourceTree = "<group>"; };
		1F341FD52C8EFE230098C834 /* TaskGroupView.swift */ = {isa = PBXFileReference; lastKnownFileType = sourcecode.swift; path = TaskGroupView.swift; sourceTree = "<group>"; };
		1F341FD82C8F07530098C834 /* Color+Extension.swift */ = {isa = PBXFileReference; lastKnownFileType = sourcecode.swift; path = "Color+Extension.swift"; sourceTree = "<group>"; };
		1F341FDA2C8F33AC0098C834 /* TaskStatus.swift */ = {isa = PBXFileReference; lastKnownFileType = sourcecode.swift; path = TaskStatus.swift; sourceTree = "<group>"; };
		1F487DF22C9A7F8600066D5C /* AuthenticationViewModel.swift */ = {isa = PBXFileReference; lastKnownFileType = sourcecode.swift; path = AuthenticationViewModel.swift; sourceTree = "<group>"; };
		1F487DF62C9A882A00066D5C /* UserModel.swift */ = {isa = PBXFileReference; lastKnownFileType = sourcecode.swift; path = UserModel.swift; sourceTree = "<group>"; };
		1F487DF82C9A892700066D5C /* ChatAIModel.swift */ = {isa = PBXFileReference; lastKnownFileType = sourcecode.swift; path = ChatAIModel.swift; sourceTree = "<group>"; };
		1F487DFB2C9A8BF800066D5C /* SignInViewModel.swift */ = {isa = PBXFileReference; lastKnownFileType = sourcecode.swift; path = SignInViewModel.swift; sourceTree = "<group>"; };
		1F487DFD2C9AB8D300066D5C /* AppDelegate.swift */ = {isa = PBXFileReference; lastKnownFileType = sourcecode.swift; path = AppDelegate.swift; sourceTree = "<group>"; };
		1F487E002C9ABF8E00066D5C /* SigninView.swift */ = {isa = PBXFileReference; lastKnownFileType = sourcecode.swift; path = SigninView.swift; sourceTree = "<group>"; };
		1F487E022C9AD48800066D5C /* SideMenuHeaderView.swift */ = {isa = PBXFileReference; lastKnownFileType = sourcecode.swift; path = SideMenuHeaderView.swift; sourceTree = "<group>"; };
		1F64945E2C8F722300344661 /* Utils.swift */ = {isa = PBXFileReference; lastKnownFileType = sourcecode.swift; path = Utils.swift; sourceTree = "<group>"; };
		1F88043A2CA6C92D00CEF589 /* NotificationServiceProtocol.swift */ = {isa = PBXFileReference; lastKnownFileType = sourcecode.swift; path = NotificationServiceProtocol.swift; sourceTree = "<group>"; };
		1F88FAD82C950C5700E09D88 /* Info.plist */ = {isa = PBXFileReference; lastKnownFileType = text.plist; path = Info.plist; sourceTree = "<group>"; };
		1F88FAD92C9537A800E09D88 /* AppConfiguration.swift */ = {isa = PBXFileReference; lastKnownFileType = sourcecode.swift; path = AppConfiguration.swift; sourceTree = "<group>"; };
		1F88FADB2C95566D00E09D88 /* WalkthroughFeatureView.swift */ = {isa = PBXFileReference; lastKnownFileType = sourcecode.swift; path = WalkthroughFeatureView.swift; sourceTree = "<group>"; };
		1F8A70CD2C8E95BE00D99C9A /* TaskManagement.app */ = {isa = PBXFileReference; explicitFileType = wrapper.application; includeInIndex = 0; path = TaskManagement.app; sourceTree = BUILT_PRODUCTS_DIR; };
		1F8A70D02C8E95BE00D99C9A /* TaskManagementApp.swift */ = {isa = PBXFileReference; lastKnownFileType = sourcecode.swift; path = TaskManagementApp.swift; sourceTree = "<group>"; };
		1F8A70D22C8E95BE00D99C9A /* ContentView.swift */ = {isa = PBXFileReference; lastKnownFileType = sourcecode.swift; path = ContentView.swift; sourceTree = "<group>"; };
		1F8A70D42C8E95BF00D99C9A /* Assets.xcassets */ = {isa = PBXFileReference; lastKnownFileType = folder.assetcatalog; path = Assets.xcassets; sourceTree = "<group>"; };
		1F8A70D72C8E95BF00D99C9A /* Preview Assets.xcassets */ = {isa = PBXFileReference; lastKnownFileType = folder.assetcatalog; path = "Preview Assets.xcassets"; sourceTree = "<group>"; };
		1F8A70DD2C8E95BF00D99C9A /* TaskManagementTests.xctest */ = {isa = PBXFileReference; explicitFileType = wrapper.cfbundle; includeInIndex = 0; path = TaskManagementTests.xctest; sourceTree = BUILT_PRODUCTS_DIR; };
		1F8A70E12C8E95BF00D99C9A /* TaskManagementTests.swift */ = {isa = PBXFileReference; lastKnownFileType = sourcecode.swift; path = TaskManagementTests.swift; sourceTree = "<group>"; };
		1F8A70E72C8E95BF00D99C9A /* TaskManagementUITests.xctest */ = {isa = PBXFileReference; explicitFileType = wrapper.cfbundle; includeInIndex = 0; path = TaskManagementUITests.xctest; sourceTree = BUILT_PRODUCTS_DIR; };
		1F8A70EB2C8E95BF00D99C9A /* TaskManagementUITests.swift */ = {isa = PBXFileReference; lastKnownFileType = sourcecode.swift; path = TaskManagementUITests.swift; sourceTree = "<group>"; };
		1F8A70ED2C8E95BF00D99C9A /* TaskManagementUITestsLaunchTests.swift */ = {isa = PBXFileReference; lastKnownFileType = sourcecode.swift; path = TaskManagementUITestsLaunchTests.swift; sourceTree = "<group>"; };
		1F94776C2C91EC5300480444 /* TaskReminderViewModel.swift */ = {isa = PBXFileReference; lastKnownFileType = sourcecode.swift; path = TaskReminderViewModel.swift; sourceTree = "<group>"; };
		1F990AF32C911454003B5117 /* DueDateCalendarView.swift */ = {isa = PBXFileReference; lastKnownFileType = sourcecode.swift; path = DueDateCalendarView.swift; sourceTree = "<group>"; };
		1F990AF52C91305B003B5117 /* TaskCalendarViewModel.swift */ = {isa = PBXFileReference; lastKnownFileType = sourcecode.swift; path = TaskCalendarViewModel.swift; sourceTree = "<group>"; };
		1F990AF72C9133E5003B5117 /* DueDatePickerView.swift */ = {isa = PBXFileReference; lastKnownFileType = sourcecode.swift; path = DueDatePickerView.swift; sourceTree = "<group>"; };
		1F990AF92C915359003B5117 /* ToastView.swift */ = {isa = PBXFileReference; lastKnownFileType = sourcecode.swift; path = ToastView.swift; sourceTree = "<group>"; };
		1FA9BB882C919500005CDA16 /* Constants.swift */ = {isa = PBXFileReference; lastKnownFileType = sourcecode.swift; path = Constants.swift; sourceTree = "<group>"; };
		1FAF293A2C8FDDB200686EA3 /* TaskTabarView.swift */ = {isa = PBXFileReference; lastKnownFileType = sourcecode.swift; path = TaskTabarView.swift; sourceTree = "<group>"; };
		1FAF293E2C9003D100686EA3 /* Date+Extension.swift */ = {isa = PBXFileReference; lastKnownFileType = sourcecode.swift; path = "Date+Extension.swift"; sourceTree = "<group>"; };
		1FAF29402C90040F00686EA3 /* DueDatePicker.swift */ = {isa = PBXFileReference; lastKnownFileType = sourcecode.swift; path = DueDatePicker.swift; sourceTree = "<group>"; };
		1FAF29432C90527900686EA3 /* TaskCalendarView.swift */ = {isa = PBXFileReference; lastKnownFileType = sourcecode.swift; path = TaskCalendarView.swift; sourceTree = "<group>"; };
		1FAF29462C9053B900686EA3 /* SideMenuView.swift */ = {isa = PBXFileReference; lastKnownFileType = sourcecode.swift; path = SideMenuView.swift; sourceTree = "<group>"; };
		1FAF29482C90563F00686EA3 /* TaskManagement.entitlements */ = {isa = PBXFileReference; lastKnownFileType = text.plist.entitlements; path = TaskManagement.entitlements; sourceTree = "<group>"; };
		1FAF294A2C9058EB00686EA3 /* NotificationService.swift */ = {isa = PBXFileReference; lastKnownFileType = sourcecode.swift; path = NotificationService.swift; sourceTree = "<group>"; };
		1FAF294C2C90693800686EA3 /* UserDefaultManager.swift */ = {isa = PBXFileReference; fileEncoding = 4; lastKnownFileType = sourcecode.swift; path = UserDefaultManager.swift; sourceTree = "<group>"; };
		1FB564A02C96C69C00D01238 /* GoogleService-Info.plist */ = {isa = PBXFileReference; fileEncoding = 4; lastKnownFileType = text.plist.xml; path = "GoogleService-Info.plist"; sourceTree = "<group>"; };
		1FB564A12C96C69C00D01238 /* APIKeys.plist */ = {isa = PBXFileReference; fileEncoding = 4; lastKnownFileType = text.plist.xml; path = APIKeys.plist; sourceTree = "<group>"; };
		1FB564A72C9705FA00D01238 /* task-template.json */ = {isa = PBXFileReference; lastKnownFileType = text.json; path = "task-template.json"; sourceTree = "<group>"; };
		1FB564A92C97161600D01238 /* GenerateTaskViewModel.swift */ = {isa = PBXFileReference; lastKnownFileType = sourcecode.swift; path = GenerateTaskViewModel.swift; sourceTree = "<group>"; };
		1FB564AC2C97179800D01238 /* GenerateTaskView.swift */ = {isa = PBXFileReference; lastKnownFileType = sourcecode.swift; path = GenerateTaskView.swift; sourceTree = "<group>"; };
		1FBC24392C93CFC6006FB7AE /* CalendarDateView.swift */ = {isa = PBXFileReference; lastKnownFileType = sourcecode.swift; path = CalendarDateView.swift; sourceTree = "<group>"; };
		1FBC243D2C93E05A006FB7AE /* TaskDueDateSectionView.swift */ = {isa = PBXFileReference; lastKnownFileType = sourcecode.swift; path = TaskDueDateSectionView.swift; sourceTree = "<group>"; };
		1FBC243F2C93E09D006FB7AE /* EmtyTaskDueDateView.swift */ = {isa = PBXFileReference; lastKnownFileType = sourcecode.swift; path = EmtyTaskDueDateView.swift; sourceTree = "<group>"; };
		1FBC24412C93E2B9006FB7AE /* View+Extension.swift */ = {isa = PBXFileReference; lastKnownFileType = sourcecode.swift; path = "View+Extension.swift"; sourceTree = "<group>"; };
		1FBC24432C9424C8006FB7AE /* TaskProgress.swift */ = {isa = PBXFileReference; lastKnownFileType = sourcecode.swift; path = TaskProgress.swift; sourceTree = "<group>"; };
		1FBC24452C942DAA006FB7AE /* LaunchIC.png */ = {isa = PBXFileReference; lastKnownFileType = image.png; path = LaunchIC.png; sourceTree = "<group>"; };
		1FBC24482C94304A006FB7AE /* ShareService.swift */ = {isa = PBXFileReference; lastKnownFileType = sourcecode.swift; path = ShareService.swift; sourceTree = "<group>"; };
		1FBC244A2C9448D1006FB7AE /* ComingSoonView.swift */ = {isa = PBXFileReference; lastKnownFileType = sourcecode.swift; path = ComingSoonView.swift; sourceTree = "<group>"; };
		1FBC244D2C945585006FB7AE /* WalkthroughView.swift */ = {isa = PBXFileReference; lastKnownFileType = sourcecode.swift; path = WalkthroughView.swift; sourceTree = "<group>"; };
		1FBC244F2C948AF6006FB7AE /* OpenAIAPIEndpoint.swift */ = {isa = PBXFileReference; fileEncoding = 4; lastKnownFileType = sourcecode.swift; path = OpenAIAPIEndpoint.swift; sourceTree = "<group>"; };
		1FBC24502C948AF6006FB7AE /* NetworkError.swift */ = {isa = PBXFileReference; fileEncoding = 4; lastKnownFileType = sourcecode.swift; path = NetworkError.swift; sourceTree = "<group>"; };
		1FBC24542C94939D006FB7AE /* ChatAIViewModel.swift */ = {isa = PBXFileReference; lastKnownFileType = sourcecode.swift; path = ChatAIViewModel.swift; sourceTree = "<group>"; };
		1FBC2D732C98076D00478312 /* SubTaskView.swift */ = {isa = PBXFileReference; lastKnownFileType = sourcecode.swift; path = SubTaskView.swift; sourceTree = "<group>"; };
		1FCC9AA52C92975F00046ACF /* RoundedCross.swift */ = {isa = PBXFileReference; fileEncoding = 4; lastKnownFileType = sourcecode.swift; path = RoundedCross.swift; sourceTree = "<group>"; };
		1FCC9AA62C92975F00046ACF /* SlimRectangle.swift */ = {isa = PBXFileReference; fileEncoding = 4; lastKnownFileType = sourcecode.swift; path = SlimRectangle.swift; sourceTree = "<group>"; };
		1FCC9AA72C92975F00046ACF /* Triangle.swift */ = {isa = PBXFileReference; fileEncoding = 4; lastKnownFileType = sourcecode.swift; path = Triangle.swift; sourceTree = "<group>"; };
		1FCC9AA92C92975F00046ACF /* ConfettiSwiftUI.swift */ = {isa = PBXFileReference; fileEncoding = 4; lastKnownFileType = sourcecode.swift; path = ConfettiSwiftUI.swift; sourceTree = "<group>"; };
		1FCC9AAA2C92975F00046ACF /* View+ConfettiCannon.swift */ = {isa = PBXFileReference; fileEncoding = 4; lastKnownFileType = sourcecode.swift; path = "View+ConfettiCannon.swift"; sourceTree = "<group>"; };
		1FCC9AB32C92A6DB00046ACF /* HapticManager.swift */ = {isa = PBXFileReference; lastKnownFileType = sourcecode.swift; path = HapticManager.swift; sourceTree = "<group>"; };
		1FCC9AB52C92F11300046ACF /* Calendar+Extension.swift */ = {isa = PBXFileReference; lastKnownFileType = sourcecode.swift; path = "Calendar+Extension.swift"; sourceTree = "<group>"; };
		1FDA7F0C2C8E9DE500B969A1 /* TaskModel.swift */ = {isa = PBXFileReference; lastKnownFileType = sourcecode.swift; path = TaskModel.swift; sourceTree = "<group>"; };
		1FDA7F0E2C8E9DFB00B969A1 /* TaskPriority.swift */ = {isa = PBXFileReference; lastKnownFileType = sourcecode.swift; path = TaskPriority.swift; sourceTree = "<group>"; };
		1FDA7F122C8E9E2200B969A1 /* TaskCategory.swift */ = {isa = PBXFileReference; lastKnownFileType = sourcecode.swift; path = TaskCategory.swift; sourceTree = "<group>"; };
		1FDA7F152C8E9E6A00B969A1 /* TaskListViewModel.swift */ = {isa = PBXFileReference; lastKnownFileType = sourcecode.swift; path = TaskListViewModel.swift; sourceTree = "<group>"; };
		1FDA7F182C8E9E7F00B969A1 /* TaskDetailsViewModel.swift */ = {isa = PBXFileReference; lastKnownFileType = sourcecode.swift; path = TaskDetailsViewModel.swift; sourceTree = "<group>"; };
		1FDA7F1B2C8E9E9700B969A1 /* TaskEditViewModel.swift */ = {isa = PBXFileReference; lastKnownFileType = sourcecode.swift; path = TaskEditViewModel.swift; sourceTree = "<group>"; };
		1FDA7F1E2C8E9EB300B969A1 /* TaskListView.swift */ = {isa = PBXFileReference; lastKnownFileType = sourcecode.swift; path = TaskListView.swift; sourceTree = "<group>"; };
		1FDA7F232C8E9F0400B969A1 /* TaskRowView.swift */ = {isa = PBXFileReference; lastKnownFileType = sourcecode.swift; path = TaskRowView.swift; sourceTree = "<group>"; };
		1FDA7F272C8E9F2200B969A1 /* TaskDetailView.swift */ = {isa = PBXFileReference; lastKnownFileType = sourcecode.swift; path = TaskDetailView.swift; sourceTree = "<group>"; };
		1FDA7F382C8EA0F700B969A1 /* Launch Screen.storyboard */ = {isa = PBXFileReference; lastKnownFileType = file.storyboard; path = "Launch Screen.storyboard"; sourceTree = "<group>"; };
		1FDA7F3B2C8EA1E400B969A1 /* TaskManagerDB.swift */ = {isa = PBXFileReference; lastKnownFileType = sourcecode.swift; path = TaskManagerDB.swift; sourceTree = "<group>"; };
		1FDA7F3D2C8EA1FA00B969A1 /* NetworkClient.swift */ = {isa = PBXFileReference; lastKnownFileType = sourcecode.swift; path = NetworkClient.swift; sourceTree = "<group>"; };
		1FDA7F412C8EAC3D00B969A1 /* TaskTest.swift */ = {isa = PBXFileReference; lastKnownFileType = sourcecode.swift; path = TaskTest.swift; sourceTree = "<group>"; };
		1FDA7F432C8EBFBD00B969A1 /* TaskEntity.swift */ = {isa = PBXFileReference; lastKnownFileType = sourcecode.swift; path = TaskEntity.swift; sourceTree = "<group>"; };
		1FDA7F472C8EE0B000B969A1 /* AddTaskView.swift */ = {isa = PBXFileReference; lastKnownFileType = sourcecode.swift; path = AddTaskView.swift; sourceTree = "<group>"; };
		1FDA7F492C8EE76A00B969A1 /* EmptyTaskView.swift */ = {isa = PBXFileReference; lastKnownFileType = sourcecode.swift; path = EmptyTaskView.swift; sourceTree = "<group>"; };
		1FDA7F4B2C8EF0EE00B969A1 /* DashboardView.swift */ = {isa = PBXFileReference; lastKnownFileType = sourcecode.swift; path = DashboardView.swift; sourceTree = "<group>"; };
		1FDA7F4F2C8EF3E000B969A1 /* CircleProgressView.swift */ = {isa = PBXFileReference; lastKnownFileType = sourcecode.swift; path = CircleProgressView.swift; sourceTree = "<group>"; };
		1FDF3DD22CA16501009D100F /* TestTaskListViewModel.swift */ = {isa = PBXFileReference; lastKnownFileType = sourcecode.swift; path = TestTaskListViewModel.swift; sourceTree = "<group>"; };
		1FDF3DD42CA16724009D100F /* MockTaskManagerDB.swift */ = {isa = PBXFileReference; lastKnownFileType = sourcecode.swift; path = MockTaskManagerDB.swift; sourceTree = "<group>"; };
		1FDF3DD62CA16F61009D100F /* TestTaskEditViewModel.swift */ = {isa = PBXFileReference; lastKnownFileType = sourcecode.swift; path = TestTaskEditViewModel.swift; sourceTree = "<group>"; };
		1FDF3DD82CA17140009D100F /* TaskManagerDBProtocol.swift */ = {isa = PBXFileReference; lastKnownFileType = sourcecode.swift; path = TaskManagerDBProtocol.swift; sourceTree = "<group>"; };
		51C263014581CF55B2C040B6 /* Pods-TaskManagement.debug.xcconfig */ = {isa = PBXFileReference; includeInIndex = 1; lastKnownFileType = text.xcconfig; name = "Pods-TaskManagement.debug.xcconfig"; path = "Target Support Files/Pods-TaskManagement/Pods-TaskManagement.debug.xcconfig"; sourceTree = "<group>"; };
		CB014A516C1828C67A9ECC82 /* Pods-TaskManagement.release.xcconfig */ = {isa = PBXFileReference; includeInIndex = 1; lastKnownFileType = text.xcconfig; name = "Pods-TaskManagement.release.xcconfig"; path = "Target Support Files/Pods-TaskManagement/Pods-TaskManagement.release.xcconfig"; sourceTree = "<group>"; };
		DCFD7E81FE717BB38E9F109C /* Pods_TaskManagement.framework */ = {isa = PBXFileReference; explicitFileType = wrapper.framework; includeInIndex = 0; path = Pods_TaskManagement.framework; sourceTree = BUILT_PRODUCTS_DIR; };
/* End PBXFileReference section */

/* Begin PBXFrameworksBuildPhase section */
		1F8A70CA2C8E95BE00D99C9A /* Frameworks */ = {
			isa = PBXFrameworksBuildPhase;
			buildActionMask = 2147483647;
			files = (
				5A8B0A679F98436298504E5F /* Pods_TaskManagement.framework in Frameworks */,
			);
			runOnlyForDeploymentPostprocessing = 0;
		};
		1F8A70DA2C8E95BF00D99C9A /* Frameworks */ = {
			isa = PBXFrameworksBuildPhase;
			buildActionMask = 2147483647;
			files = (
			);
			runOnlyForDeploymentPostprocessing = 0;
		};
		1F8A70E42C8E95BF00D99C9A /* Frameworks */ = {
			isa = PBXFrameworksBuildPhase;
			buildActionMask = 2147483647;
			files = (
			);
			runOnlyForDeploymentPostprocessing = 0;
		};
/* End PBXFrameworksBuildPhase section */

/* Begin PBXGroup section */
		155A51692DE424DFCF0228B5 /* Pods */ = {
			isa = PBXGroup;
			children = (
				51C263014581CF55B2C040B6 /* Pods-TaskManagement.debug.xcconfig */,
				CB014A516C1828C67A9ECC82 /* Pods-TaskManagement.release.xcconfig */,
			);
			path = Pods;
			sourceTree = "<group>";
		};
		1F0D38F72CA2652500F15A54 /* MockTestViews */ = {
			isa = PBXGroup;
			children = (
				1F0D38FA2CA2656200F15A54 /* MockGenerateTaskView.swift */,
			);
			path = MockTestViews;
			sourceTree = "<group>";
		};
		1F0D38FF2CA2734000F15A54 /* Previews */ = {
			isa = PBXGroup;
			children = (
				1F0D39002CA2737700F15A54 /* Views_Preview.swift */,
			);
			path = Previews;
			sourceTree = "<group>";
		};
		1F341FD72C8F073F0098C834 /* Extensions */ = {
			isa = PBXGroup;
			children = (
				1F341FD82C8F07530098C834 /* Color+Extension.swift */,
				1FAF293E2C9003D100686EA3 /* Date+Extension.swift */,
				1FCC9AB52C92F11300046ACF /* Calendar+Extension.swift */,
				1FBC24412C93E2B9006FB7AE /* View+Extension.swift */,
			);
			path = Extensions;
			sourceTree = "<group>";
		};
		1F487DFA2C9A8BE300066D5C /* Authentication */ = {
			isa = PBXGroup;
			children = (
				1F487DFB2C9A8BF800066D5C /* SignInViewModel.swift */,
			);
			path = Authentication;
			sourceTree = "<group>";
		};
		1F487DFF2C9ABF7600066D5C /* AuthenticationView */ = {
			isa = PBXGroup;
			children = (
				1F487E002C9ABF8E00066D5C /* SigninView.swift */,
			);
			path = AuthenticationView;
			sourceTree = "<group>";
		};
		1F8A70C42C8E95BE00D99C9A = {
			isa = PBXGroup;
			children = (
				1F8A70CF2C8E95BE00D99C9A /* TaskManagement */,
				1F8A70E02C8E95BF00D99C9A /* TaskManagementTests */,
				1F8A70EA2C8E95BF00D99C9A /* TaskManagementUITests */,
				1F8A70CE2C8E95BE00D99C9A /* Products */,
				155A51692DE424DFCF0228B5 /* Pods */,
				51982E9CCC4490EFEC3483A5 /* Frameworks */,
			);
			sourceTree = "<group>";
		};
		1F8A70CE2C8E95BE00D99C9A /* Products */ = {
			isa = PBXGroup;
			children = (
				1F8A70CD2C8E95BE00D99C9A /* TaskManagement.app */,
				1F8A70DD2C8E95BF00D99C9A /* TaskManagementTests.xctest */,
				1F8A70E72C8E95BF00D99C9A /* TaskManagementUITests.xctest */,
			);
			name = Products;
			sourceTree = "<group>";
		};
		1F8A70CF2C8E95BE00D99C9A /* TaskManagement */ = {
			isa = PBXGroup;
			children = (
				1FDA7F082C8E9C4100B969A1 /* Models */,
				1FDA7F072C8E9C3900B969A1 /* Views */,
				1FDA7F062C8E9C2C00B969A1 /* ViewModels */,
				1FDA7F052C8E9C2000B969A1 /* Services */,
				1FDA7F092C8E9C4E00B969A1 /* Resources */,
				1FDA7F0B2C8E9DC200B969A1 /* Utilities */,
				1FCC9AAD2C92975F00046ACF /* Libarary */,
				1F8A70D02C8E95BE00D99C9A /* TaskManagementApp.swift */,
				1F8A70D22C8E95BE00D99C9A /* ContentView.swift */,
				1F8A70D42C8E95BF00D99C9A /* Assets.xcassets */,
				1FAF29482C90563F00686EA3 /* TaskManagement.entitlements */,
				1F88FAD82C950C5700E09D88 /* Info.plist */,
				1FB564A02C96C69C00D01238 /* GoogleService-Info.plist */,
				1F8A70D62C8E95BF00D99C9A /* Preview Content */,
				1FDA7F382C8EA0F700B969A1 /* Launch Screen.storyboard */,
				1F487DFD2C9AB8D300066D5C /* AppDelegate.swift */,
			);
			path = TaskManagement;
			sourceTree = "<group>";
		};
		1F8A70D62C8E95BF00D99C9A /* Preview Content */ = {
			isa = PBXGroup;
			children = (
				1F8A70D72C8E95BF00D99C9A /* Preview Assets.xcassets */,
			);
			path = "Preview Content";
			sourceTree = "<group>";
		};
		1F8A70E02C8E95BF00D99C9A /* TaskManagementTests */ = {
			isa = PBXGroup;
			children = (
				1FDF3DDD2CA17823009D100F /* MockTests */,
				1F8A70E12C8E95BF00D99C9A /* TaskManagementTests.swift */,
				1FDA7F412C8EAC3D00B969A1 /* TaskTest.swift */,
				1FDF3DD22CA16501009D100F /* TestTaskListViewModel.swift */,
				1FDF3DD62CA16F61009D100F /* TestTaskEditViewModel.swift */,
			);
			path = TaskManagementTests;
			sourceTree = "<group>";
		};
		1F8A70EA2C8E95BF00D99C9A /* TaskManagementUITests */ = {
			isa = PBXGroup;
			children = (
				1F0D38F72CA2652500F15A54 /* MockTestViews */,
				1F8A70EB2C8E95BF00D99C9A /* TaskManagementUITests.swift */,
				1F8A70ED2C8E95BF00D99C9A /* TaskManagementUITestsLaunchTests.swift */,
				1F0D38EB2CA25B0C00F15A54 /* TestTaskTabarView.swift */,
				1F0D38EE2CA2600500F15A54 /* TestWalkThroughView.swift */,
			);
			path = TaskManagementUITests;
			sourceTree = "<group>";
		};
		1FAF29422C90525400686EA3 /* TaskCalendarView */ = {
			isa = PBXGroup;
			children = (
				1FBC24382C93CF9E006FB7AE /* SubViews */,
				1FAF29432C90527900686EA3 /* TaskCalendarView.swift */,
				1F990AF32C911454003B5117 /* DueDateCalendarView.swift */,
				1FAF29402C90040F00686EA3 /* DueDatePicker.swift */,
			);
			path = TaskCalendarView;
			sourceTree = "<group>";
		};
		1FAF29452C9053A500686EA3 /* MenuView */ = {
			isa = PBXGroup;
			children = (
				1FAF29462C9053B900686EA3 /* SideMenuView.swift */,
				1F487E022C9AD48800066D5C /* SideMenuHeaderView.swift */,
			);
			path = MenuView;
			sourceTree = "<group>";
		};
		1FAF29492C9058D100686EA3 /* NotificationService */ = {
			isa = PBXGroup;
			children = (
				1FAF294A2C9058EB00686EA3 /* NotificationService.swift */,
				1F88043A2CA6C92D00CEF589 /* NotificationServiceProtocol.swift */,
			);
			path = NotificationService;
			sourceTree = "<group>";
		};
		1FB564A42C96CD9600D01238 /* APIKeys */ = {
			isa = PBXGroup;
			children = (
				1FB564A12C96C69C00D01238 /* APIKeys.plist */,
			);
			path = APIKeys;
			sourceTree = "<group>";
		};
		1FB564AB2C97178000D01238 /* GenerateTaskView */ = {
			isa = PBXGroup;
			children = (
				1FB564AC2C97179800D01238 /* GenerateTaskView.swift */,
			);
			path = GenerateTaskView;
			sourceTree = "<group>";
		};
		1FBC24382C93CF9E006FB7AE /* SubViews */ = {
			isa = PBXGroup;
			children = (
				1FBC24392C93CFC6006FB7AE /* CalendarDateView.swift */,
				1FBC243D2C93E05A006FB7AE /* TaskDueDateSectionView.swift */,
				1FBC243F2C93E09D006FB7AE /* EmtyTaskDueDateView.swift */,
			);
			path = SubViews;
			sourceTree = "<group>";
		};
		1FBC24472C943033006FB7AE /* ShareService */ = {
			isa = PBXGroup;
			children = (
				1FBC24482C94304A006FB7AE /* ShareService.swift */,
			);
			path = ShareService;
			sourceTree = "<group>";
		};
		1FBC244C2C94556D006FB7AE /* WalkthroughView */ = {
			isa = PBXGroup;
			children = (
				1FBC244D2C945585006FB7AE /* WalkthroughView.swift */,
				1F88FADB2C95566D00E09D88 /* WalkthroughFeatureView.swift */,
			);
			path = WalkthroughView;
			sourceTree = "<group>";
		};
		1FBC24512C948AF6006FB7AE /* Endpoint */ = {
			isa = PBXGroup;
			children = (
				1FBC244F2C948AF6006FB7AE /* OpenAIAPIEndpoint.swift */,
				1FBC24502C948AF6006FB7AE /* NetworkError.swift */,
			);
			path = Endpoint;
			sourceTree = "<group>";
		};
		1FBC2D722C98075200478312 /* SubViews */ = {
			isa = PBXGroup;
			children = (
				1FBC2D732C98076D00478312 /* SubTaskView.swift */,
			);
			path = SubViews;
			sourceTree = "<group>";
		};
		1FCC9AA82C92975F00046ACF /* Shapes */ = {
			isa = PBXGroup;
			children = (
				1FCC9AA52C92975F00046ACF /* RoundedCross.swift */,
				1FCC9AA62C92975F00046ACF /* SlimRectangle.swift */,
				1FCC9AA72C92975F00046ACF /* Triangle.swift */,
			);
			path = Shapes;
			sourceTree = "<group>";
		};
		1FCC9AAB2C92975F00046ACF /* Sources */ = {
			isa = PBXGroup;
			children = (
				1FCC9AA82C92975F00046ACF /* Shapes */,
				1FCC9AA92C92975F00046ACF /* ConfettiSwiftUI.swift */,
				1FCC9AAA2C92975F00046ACF /* View+ConfettiCannon.swift */,
			);
			path = Sources;
			sourceTree = "<group>";
		};
		1FCC9AAC2C92975F00046ACF /* Confetti */ = {
			isa = PBXGroup;
			children = (
				1FCC9AAB2C92975F00046ACF /* Sources */,
			);
			path = Confetti;
			sourceTree = "<group>";
		};
		1FCC9AAD2C92975F00046ACF /* Libarary */ = {
			isa = PBXGroup;
			children = (
				1FCC9AAC2C92975F00046ACF /* Confetti */,
			);
			path = Libarary;
			sourceTree = "<group>";
		};
		1FDA7F052C8E9C2000B969A1 /* Services */ = {
			isa = PBXGroup;
			children = (
				1FBC24472C943033006FB7AE /* ShareService */,
				1FAF29492C9058D100686EA3 /* NotificationService */,
				1FDA7F3A2C8EA13B00B969A1 /* NetworkService */,
				1FDA7F0A2C8E9C6100B969A1 /* DataService */,
			);
			path = Services;
			sourceTree = "<group>";
		};
		1FDA7F062C8E9C2C00B969A1 /* ViewModels */ = {
			isa = PBXGroup;
			children = (
				1F487DFA2C9A8BE300066D5C /* Authentication */,
				1F341FCF2C8EF71F0098C834 /* DashboardViewModel.swift */,
				1FDA7F152C8E9E6A00B969A1 /* TaskListViewModel.swift */,
				1FDA7F182C8E9E7F00B969A1 /* TaskDetailsViewModel.swift */,
				1FDA7F1B2C8E9E9700B969A1 /* TaskEditViewModel.swift */,
				1F990AF52C91305B003B5117 /* TaskCalendarViewModel.swift */,
				1F94776C2C91EC5300480444 /* TaskReminderViewModel.swift */,
				1FBC24542C94939D006FB7AE /* ChatAIViewModel.swift */,
				1FB564A92C97161600D01238 /* GenerateTaskViewModel.swift */,
				1F487DF22C9A7F8600066D5C /* AuthenticationViewModel.swift */,
			);
			path = ViewModels;
			sourceTree = "<group>";
		};
		1FDA7F072C8E9C3900B969A1 /* Views */ = {
			isa = PBXGroup;
			children = (
				1F0D38FF2CA2734000F15A54 /* Previews */,
				1F487DFF2C9ABF7600066D5C /* AuthenticationView */,
				1FB564AB2C97178000D01238 /* GenerateTaskView */,
				1FDA7F4D2C8EF39000B969A1 /* DashboardView */,
				1FAF29422C90525400686EA3 /* TaskCalendarView */,
				1FDA7F212C8E9EDA00B969A1 /* TaskView */,
				1FDA7F262C8E9F1500B969A1 /* DetailView */,
				1FAF29452C9053A500686EA3 /* MenuView */,
				1FBC244C2C94556D006FB7AE /* WalkthroughView */,
				1FDA7F2D2C8E9F5600B969A1 /* Components */,
				1FAF293A2C8FDDB200686EA3 /* TaskTabarView.swift */,
			);
			path = Views;
			sourceTree = "<group>";
		};
		1FDA7F082C8E9C4100B969A1 /* Models */ = {
			isa = PBXGroup;
			children = (
				1FDA7F0C2C8E9DE500B969A1 /* TaskModel.swift */,
				1FDA7F0E2C8E9DFB00B969A1 /* TaskPriority.swift */,
				1FDA7F122C8E9E2200B969A1 /* TaskCategory.swift */,
				1F341FDA2C8F33AC0098C834 /* TaskStatus.swift */,
				1FBC24432C9424C8006FB7AE /* TaskProgress.swift */,
				1F487DF62C9A882A00066D5C /* UserModel.swift */,
				1F487DF82C9A892700066D5C /* ChatAIModel.swift */,
			);
			path = Models;
			sourceTree = "<group>";
		};
		1FDA7F092C8E9C4E00B969A1 /* Resources */ = {
			isa = PBXGroup;
			children = (
				1FBC24452C942DAA006FB7AE /* LaunchIC.png */,
				1FB564A72C9705FA00D01238 /* task-template.json */,
			);
			path = Resources;
			sourceTree = "<group>";
		};
		1FDA7F0A2C8E9C6100B969A1 /* DataService */ = {
			isa = PBXGroup;
			children = (
				1FDA7F3B2C8EA1E400B969A1 /* TaskManagerDB.swift */,
				1FDA7F432C8EBFBD00B969A1 /* TaskEntity.swift */,
				1FDF3DD82CA17140009D100F /* TaskManagerDBProtocol.swift */,
			);
			path = DataService;
			sourceTree = "<group>";
		};
		1FDA7F0B2C8E9DC200B969A1 /* Utilities */ = {
			isa = PBXGroup;
			children = (
				1F341FD72C8F073F0098C834 /* Extensions */,
				1FDA7F372C8E9FAE00B969A1 /* Helper */,
				1F64945E2C8F722300344661 /* Utils.swift */,
			);
			path = Utilities;
			sourceTree = "<group>";
		};
		1FDA7F212C8E9EDA00B969A1 /* TaskView */ = {
			isa = PBXGroup;
			children = (
				1FDA7F222C8E9EE900B969A1 /* SubViews */,
				1FDA7F1E2C8E9EB300B969A1 /* TaskListView.swift */,
			);
			path = TaskView;
			sourceTree = "<group>";
		};
		1FDA7F222C8E9EE900B969A1 /* SubViews */ = {
			isa = PBXGroup;
			children = (
				1FDA7F232C8E9F0400B969A1 /* TaskRowView.swift */,
				1FDA7F492C8EE76A00B969A1 /* EmptyTaskView.swift */,
			);
			path = SubViews;
			sourceTree = "<group>";
		};
		1FDA7F262C8E9F1500B969A1 /* DetailView */ = {
			isa = PBXGroup;
			children = (
				1FBC2D722C98075200478312 /* SubViews */,
				1FDA7F472C8EE0B000B969A1 /* AddTaskView.swift */,
				1FDA7F272C8E9F2200B969A1 /* TaskDetailView.swift */,
			);
			path = DetailView;
			sourceTree = "<group>";
		};
		1FDA7F2D2C8E9F5600B969A1 /* Components */ = {
			isa = PBXGroup;
			children = (
				1F990AF72C9133E5003B5117 /* DueDatePickerView.swift */,
				1FDA7F4F2C8EF3E000B969A1 /* CircleProgressView.swift */,
				1F990AF92C915359003B5117 /* ToastView.swift */,
				1FBC244A2C9448D1006FB7AE /* ComingSoonView.swift */,
			);
			path = Components;
			sourceTree = "<group>";
		};
		1FDA7F372C8E9FAE00B969A1 /* Helper */ = {
			isa = PBXGroup;
			children = (
				1FAF294C2C90693800686EA3 /* UserDefaultManager.swift */,
				1FA9BB882C919500005CDA16 /* Constants.swift */,
				1FCC9AB32C92A6DB00046ACF /* HapticManager.swift */,
				1F88FAD92C9537A800E09D88 /* AppConfiguration.swift */,
			);
			path = Helper;
			sourceTree = "<group>";
		};
		1FDA7F3A2C8EA13B00B969A1 /* NetworkService */ = {
			isa = PBXGroup;
			children = (
				1FB564A42C96CD9600D01238 /* APIKeys */,
				1FBC24512C948AF6006FB7AE /* Endpoint */,
				1FDA7F3D2C8EA1FA00B969A1 /* NetworkClient.swift */,
			);
			path = NetworkService;
			sourceTree = "<group>";
		};
		1FDA7F4D2C8EF39000B969A1 /* DashboardView */ = {
			isa = PBXGroup;
			children = (
				1FDA7F4E2C8EF3A000B969A1 /* SubViews */,
				1FDA7F4B2C8EF0EE00B969A1 /* DashboardView.swift */,
			);
			path = DashboardView;
			sourceTree = "<group>";
		};
		1FDA7F4E2C8EF3A000B969A1 /* SubViews */ = {
			isa = PBXGroup;
			children = (
				1F341FD12C8EFD9E0098C834 /* TodayTaskProgressView.swift */,
				1F341FD32C8EFDEC0098C834 /* TaskInProgressView.swift */,
				1F341FD52C8EFE230098C834 /* TaskGroupView.swift */,
			);
			path = SubViews;
			sourceTree = "<group>";
		};
		1FDF3DDD2CA17823009D100F /* MockTests */ = {
			isa = PBXGroup;
			children = (
				1FDF3DD42CA16724009D100F /* MockTaskManagerDB.swift */,
			);
			path = MockTests;
			sourceTree = "<group>";
		};
		51982E9CCC4490EFEC3483A5 /* Frameworks */ = {
			isa = PBXGroup;
			children = (
				DCFD7E81FE717BB38E9F109C /* Pods_TaskManagement.framework */,
			);
			name = Frameworks;
			sourceTree = "<group>";
		};
/* End PBXGroup section */

/* Begin PBXNativeTarget section */
		1F8A70CC2C8E95BE00D99C9A /* TaskManagement */ = {
			isa = PBXNativeTarget;
			buildConfigurationList = 1F8A70F12C8E95BF00D99C9A /* Build configuration list for PBXNativeTarget "TaskManagement" */;
			buildPhases = (
				5D703D4771317F56221939CC /* [CP] Check Pods Manifest.lock */,
				1F8A70C92C8E95BE00D99C9A /* Sources */,
				1F8A70CA2C8E95BE00D99C9A /* Frameworks */,
				1F8A70CB2C8E95BE00D99C9A /* Resources */,
				69AB6A9754A58ADEAE65601F /* [CP] Embed Pods Frameworks */,
				1FB564A52C96D1C200D01238 /* ShellScript */,
			);
			buildRules = (
			);
			dependencies = (
			);
			name = TaskManagement;
			productName = TaskManagement;
			productReference = 1F8A70CD2C8E95BE00D99C9A /* TaskManagement.app */;
			productType = "com.apple.product-type.application";
		};
		1F8A70DC2C8E95BF00D99C9A /* TaskManagementTests */ = {
			isa = PBXNativeTarget;
			buildConfigurationList = 1F8A70F42C8E95BF00D99C9A /* Build configuration list for PBXNativeTarget "TaskManagementTests" */;
			buildPhases = (
				1F8A70D92C8E95BF00D99C9A /* Sources */,
				1F8A70DA2C8E95BF00D99C9A /* Frameworks */,
				1F8A70DB2C8E95BF00D99C9A /* Resources */,
			);
			buildRules = (
			);
			dependencies = (
				1F8A70DF2C8E95BF00D99C9A /* PBXTargetDependency */,
			);
			name = TaskManagementTests;
			productName = TaskManagementTests;
			productReference = 1F8A70DD2C8E95BF00D99C9A /* TaskManagementTests.xctest */;
			productType = "com.apple.product-type.bundle.unit-test";
		};
		1F8A70E62C8E95BF00D99C9A /* TaskManagementUITests */ = {
			isa = PBXNativeTarget;
			buildConfigurationList = 1F8A70F72C8E95BF00D99C9A /* Build configuration list for PBXNativeTarget "TaskManagementUITests" */;
			buildPhases = (
				1F8A70E32C8E95BF00D99C9A /* Sources */,
				1F8A70E42C8E95BF00D99C9A /* Frameworks */,
				1F8A70E52C8E95BF00D99C9A /* Resources */,
			);
			buildRules = (
			);
			dependencies = (
				1F8A70E92C8E95BF00D99C9A /* PBXTargetDependency */,
			);
			name = TaskManagementUITests;
			productName = TaskManagementUITests;
			productReference = 1F8A70E72C8E95BF00D99C9A /* TaskManagementUITests.xctest */;
			productType = "com.apple.product-type.bundle.ui-testing";
		};
/* End PBXNativeTarget section */

/* Begin PBXProject section */
		1F8A70C52C8E95BE00D99C9A /* Project object */ = {
			isa = PBXProject;
			attributes = {
				BuildIndependentTargetsInParallel = 1;
				LastSwiftUpdateCheck = 1540;
				LastUpgradeCheck = 1540;
				TargetAttributes = {
					1F8A70CC2C8E95BE00D99C9A = {
						CreatedOnToolsVersion = 15.4;
					};
					1F8A70DC2C8E95BF00D99C9A = {
						CreatedOnToolsVersion = 15.4;
						TestTargetID = 1F8A70CC2C8E95BE00D99C9A;
					};
					1F8A70E62C8E95BF00D99C9A = {
						CreatedOnToolsVersion = 15.4;
						TestTargetID = 1F8A70CC2C8E95BE00D99C9A;
					};
				};
			};
			buildConfigurationList = 1F8A70C82C8E95BE00D99C9A /* Build configuration list for PBXProject "TaskManagement" */;
			compatibilityVersion = "Xcode 14.0";
			developmentRegion = en;
			hasScannedForEncodings = 0;
			knownRegions = (
				en,
				Base,
			);
			mainGroup = 1F8A70C42C8E95BE00D99C9A;
			productRefGroup = 1F8A70CE2C8E95BE00D99C9A /* Products */;
			projectDirPath = "";
			projectRoot = "";
			targets = (
				1F8A70CC2C8E95BE00D99C9A /* TaskManagement */,
				1F8A70DC2C8E95BF00D99C9A /* TaskManagementTests */,
				1F8A70E62C8E95BF00D99C9A /* TaskManagementUITests */,
			);
		};
/* End PBXProject section */

/* Begin PBXResourcesBuildPhase section */
		1F8A70CB2C8E95BE00D99C9A /* Resources */ = {
			isa = PBXResourcesBuildPhase;
			buildActionMask = 2147483647;
			files = (
				1FDA7F392C8EA0F700B969A1 /* Launch Screen.storyboard in Resources */,
				1F8A70D82C8E95BF00D99C9A /* Preview Assets.xcassets in Resources */,
				1FB564A22C96C69C00D01238 /* GoogleService-Info.plist in Resources */,
				1FB564A32C96C69C00D01238 /* APIKeys.plist in Resources */,
				1FBC24462C942DAA006FB7AE /* LaunchIC.png in Resources */,
				1FB564A82C9705FA00D01238 /* task-template.json in Resources */,
				1F8A70D52C8E95BF00D99C9A /* Assets.xcassets in Resources */,
			);
			runOnlyForDeploymentPostprocessing = 0;
		};
		1F8A70DB2C8E95BF00D99C9A /* Resources */ = {
			isa = PBXResourcesBuildPhase;
			buildActionMask = 2147483647;
			files = (
			);
			runOnlyForDeploymentPostprocessing = 0;
		};
		1F8A70E52C8E95BF00D99C9A /* Resources */ = {
			isa = PBXResourcesBuildPhase;
			buildActionMask = 2147483647;
			files = (
			);
			runOnlyForDeploymentPostprocessing = 0;
		};
/* End PBXResourcesBuildPhase section */

/* Begin PBXShellScriptBuildPhase section */
		1FB564A52C96D1C200D01238 /* ShellScript */ = {
			isa = PBXShellScriptBuildPhase;
			buildActionMask = 2147483647;
			files = (
			);
			inputFileListPaths = (
			);
			inputPaths = (
				"${DWARF_DSYM_FOLDER_PATH}/${DWARF_DSYM_FILE_NAME}",
				"${DWARF_DSYM_FOLDER_PATH}/${DWARF_DSYM_FILE_NAME}/Contents/Resources/DWARF/${PRODUCT_NAME}",
				"${DWARF_DSYM_FOLDER_PATH}/${DWARF_DSYM_FILE_NAME}/Contents/Info.plist",
				"$(TARGET_BUILD_DIR)/$(UNLOCALIZED_RESOURCES_FOLDER_PATH)/GoogleService-Info.plist",
				"$(TARGET_BUILD_DIR)/$(EXECUTABLE_PATH)",
			);
			outputFileListPaths = (
			);
			outputPaths = (
			);
			runOnlyForDeploymentPostprocessing = 0;
			shellPath = /bin/sh;
			shellScript = "\"${PODS_ROOT}/FirebaseCrashlytics/run\"\n";
		};
		5D703D4771317F56221939CC /* [CP] Check Pods Manifest.lock */ = {
			isa = PBXShellScriptBuildPhase;
			buildActionMask = 2147483647;
			files = (
			);
			inputFileListPaths = (
			);
			inputPaths = (
				"${PODS_PODFILE_DIR_PATH}/Podfile.lock",
				"${PODS_ROOT}/Manifest.lock",
			);
			name = "[CP] Check Pods Manifest.lock";
			outputFileListPaths = (
			);
			outputPaths = (
				"$(DERIVED_FILE_DIR)/Pods-TaskManagement-checkManifestLockResult.txt",
			);
			runOnlyForDeploymentPostprocessing = 0;
			shellPath = /bin/sh;
			shellScript = "diff \"${PODS_PODFILE_DIR_PATH}/Podfile.lock\" \"${PODS_ROOT}/Manifest.lock\" > /dev/null\nif [ $? != 0 ] ; then\n    # print error to STDERR\n    echo \"error: The sandbox is not in sync with the Podfile.lock. Run 'pod install' or update your CocoaPods installation.\" >&2\n    exit 1\nfi\n# This output is used by Xcode 'outputs' to avoid re-running this script phase.\necho \"SUCCESS\" > \"${SCRIPT_OUTPUT_FILE_0}\"\n";
			showEnvVarsInLog = 0;
		};
		69AB6A9754A58ADEAE65601F /* [CP] Embed Pods Frameworks */ = {
			isa = PBXShellScriptBuildPhase;
			buildActionMask = 2147483647;
			files = (
			);
			inputFileListPaths = (
				"${PODS_ROOT}/Target Support Files/Pods-TaskManagement/Pods-TaskManagement-frameworks-${CONFIGURATION}-input-files.xcfilelist",
			);
			name = "[CP] Embed Pods Frameworks";
			outputFileListPaths = (
				"${PODS_ROOT}/Target Support Files/Pods-TaskManagement/Pods-TaskManagement-frameworks-${CONFIGURATION}-output-files.xcfilelist",
			);
			runOnlyForDeploymentPostprocessing = 0;
			shellPath = /bin/sh;
			shellScript = "\"${PODS_ROOT}/Target Support Files/Pods-TaskManagement/Pods-TaskManagement-frameworks.sh\"\n";
			showEnvVarsInLog = 0;
		};
/* End PBXShellScriptBuildPhase section */

/* Begin PBXSourcesBuildPhase section */
		1F8A70C92C8E95BE00D99C9A /* Sources */ = {
			isa = PBXSourcesBuildPhase;
			buildActionMask = 2147483647;
			files = (
				1F487DFE2C9AB8D300066D5C /* AppDelegate.swift in Sources */,
				1F487E032C9AD48800066D5C /* SideMenuHeaderView.swift in Sources */,
				1FDA7F242C8E9F0400B969A1 /* TaskRowView.swift in Sources */,
				1FDA7F3C2C8EA1E400B969A1 /* TaskManagerDB.swift in Sources */,
				1FB564AD2C97179800D01238 /* GenerateTaskView.swift in Sources */,
				1FAF294B2C9058EB00686EA3 /* NotificationService.swift in Sources */,
				1F487DFC2C9A8BF800066D5C /* SignInViewModel.swift in Sources */,
				1FAF294D2C90693800686EA3 /* UserDefaultManager.swift in Sources */,
				1F88FADC2C95566D00E09D88 /* WalkthroughFeatureView.swift in Sources */,
				1FDA7F482C8EE0B000B969A1 /* AddTaskView.swift in Sources */,
				1FBC243A2C93CFC6006FB7AE /* CalendarDateView.swift in Sources */,
				1FCC9AB12C92975F00046ACF /* ConfettiSwiftUI.swift in Sources */,
				1FDA7F132C8E9E2200B969A1 /* TaskCategory.swift in Sources */,
				1FAF293B2C8FDDB200686EA3 /* TaskTabarView.swift in Sources */,
				1FBC24532C948AF6006FB7AE /* NetworkError.swift in Sources */,
				1FCC9AAE2C92975F00046ACF /* RoundedCross.swift in Sources */,
				1FDA7F282C8E9F2200B969A1 /* TaskDetailView.swift in Sources */,
				1FBC24492C94304A006FB7AE /* ShareService.swift in Sources */,
				1FCC9AB02C92975F00046ACF /* Triangle.swift in Sources */,
				1F341FD62C8EFE230098C834 /* TaskGroupView.swift in Sources */,
				1F88FADA2C9537A800E09D88 /* AppConfiguration.swift in Sources */,
				1F64945F2C8F722300344661 /* Utils.swift in Sources */,
				1F8A70D32C8E95BE00D99C9A /* ContentView.swift in Sources */,
				1F341FDB2C8F33AC0098C834 /* TaskStatus.swift in Sources */,
				1F88043B2CA6C92D00CEF589 /* NotificationServiceProtocol.swift in Sources */,
				1FDA7F3E2C8EA1FA00B969A1 /* NetworkClient.swift in Sources */,
				1F341FD42C8EFDEC0098C834 /* TaskInProgressView.swift in Sources */,
				1F487E012C9ABF8E00066D5C /* SigninView.swift in Sources */,
				1F990AF82C9133E5003B5117 /* DueDatePickerView.swift in Sources */,
				1F341FD22C8EFD9E0098C834 /* TodayTaskProgressView.swift in Sources */,
				1FBC244B2C9448D1006FB7AE /* ComingSoonView.swift in Sources */,
				1FB564AA2C97161600D01238 /* GenerateTaskViewModel.swift in Sources */,
				1FCC9AB62C92F11300046ACF /* Calendar+Extension.swift in Sources */,
				1FBC24442C9424C8006FB7AE /* TaskProgress.swift in Sources */,
				1FDA7F4C2C8EF0EE00B969A1 /* DashboardView.swift in Sources */,
				1FDA7F1F2C8E9EB300B969A1 /* TaskListView.swift in Sources */,
				1F990AF62C91305B003B5117 /* TaskCalendarViewModel.swift in Sources */,
				1FDA7F4A2C8EE76A00B969A1 /* EmptyTaskView.swift in Sources */,
				1F990AF42C911454003B5117 /* DueDateCalendarView.swift in Sources */,
				1FA9BB892C919500005CDA16 /* Constants.swift in Sources */,
				1F990AFA2C915359003B5117 /* ToastView.swift in Sources */,
				1FCC9AAF2C92975F00046ACF /* SlimRectangle.swift in Sources */,
				1FDA7F502C8EF3E000B969A1 /* CircleProgressView.swift in Sources */,
				1FAF293F2C9003D100686EA3 /* Date+Extension.swift in Sources */,
				1F487DF92C9A892700066D5C /* ChatAIModel.swift in Sources */,
				1FAF29472C9053B900686EA3 /* SideMenuView.swift in Sources */,
				1FBC24422C93E2B9006FB7AE /* View+Extension.swift in Sources */,
				1FCC9AB42C92A6DB00046ACF /* HapticManager.swift in Sources */,
				1FBC24522C948AF6006FB7AE /* OpenAIAPIEndpoint.swift in Sources */,
				1F487DF72C9A882A00066D5C /* UserModel.swift in Sources */,
				1FBC2D742C98076D00478312 /* SubTaskView.swift in Sources */,
				1FDA7F0D2C8E9DE500B969A1 /* TaskModel.swift in Sources */,
				1F341FD02C8EF71F0098C834 /* DashboardViewModel.swift in Sources */,
				1F341FD92C8F07530098C834 /* Color+Extension.swift in Sources */,
				1F0D39012CA2737700F15A54 /* Views_Preview.swift in Sources */,
				1FDA7F0F2C8E9DFB00B969A1 /* TaskPriority.swift in Sources */,
				1FDF3DD92CA17140009D100F /* TaskManagerDBProtocol.swift in Sources */,
				1FAF29412C90040F00686EA3 /* DueDatePicker.swift in Sources */,
				1FBC243E2C93E05A006FB7AE /* TaskDueDateSectionView.swift in Sources */,
				1FAF29442C90527900686EA3 /* TaskCalendarView.swift in Sources */,
				1FBC24552C94939D006FB7AE /* ChatAIViewModel.swift in Sources */,
				1F8A70D12C8E95BE00D99C9A /* TaskManagementApp.swift in Sources */,
				1FDA7F162C8E9E6A00B969A1 /* TaskListViewModel.swift in Sources */,
				1FDA7F442C8EBFBD00B969A1 /* TaskEntity.swift in Sources */,
				1FDA7F192C8E9E7F00B969A1 /* TaskDetailsViewModel.swift in Sources */,
				1F487DF32C9A7F8600066D5C /* AuthenticationViewModel.swift in Sources */,
				1FCC9AB22C92975F00046ACF /* View+ConfettiCannon.swift in Sources */,
				1FBC24402C93E09D006FB7AE /* EmtyTaskDueDateView.swift in Sources */,
				1FDA7F1C2C8E9E9700B969A1 /* TaskEditViewModel.swift in Sources */,
				1FBC244E2C945585006FB7AE /* WalkthroughView.swift in Sources */,
				1F94776D2C91EC5300480444 /* TaskReminderViewModel.swift in Sources */,
			);
			runOnlyForDeploymentPostprocessing = 0;
		};
		1F8A70D92C8E95BF00D99C9A /* Sources */ = {
			isa = PBXSourcesBuildPhase;
			buildActionMask = 2147483647;
			files = (
				1FDF3DD52CA16724009D100F /* MockTaskManagerDB.swift in Sources */,
				1FDF3DE12CA17957009D100F /* HapticManager.swift in Sources */,
				1FDF3DDB2CA176CB009D100F /* TaskListViewModel.swift in Sources */,
				1FDF3DD32CA16501009D100F /* TestTaskListViewModel.swift in Sources */,
				1FDA7F422C8EAC3D00B969A1 /* TaskTest.swift in Sources */,
				1FDF3DD72CA16F61009D100F /* TestTaskEditViewModel.swift in Sources */,
				1FDF3DDE2CA1792C009D100F /* ShareService.swift in Sources */,
				1FDF3DE02CA17952009D100F /* UserDefaultManager.swift in Sources */,
				1F341FDC2C8F33AC0098C834 /* TaskStatus.swift in Sources */,
				1FDF3DE32CA17960009D100F /* Utils.swift in Sources */,
				1FDF3DDF2CA1794C009D100F /* Constants.swift in Sources */,
				1FDF3DE42CA1865E009D100F /* TaskEditViewModel.swift in Sources */,
				1FDF3DE22CA1795C009D100F /* AppConfiguration.swift in Sources */,
				1FDA7F102C8E9E0600B969A1 /* TaskModel.swift in Sources */,
				1F88043C2CA6C92D00CEF589 /* NotificationServiceProtocol.swift in Sources */,
				1FDF3DDA2CA1716A009D100F /* TaskManagerDBProtocol.swift in Sources */,
				1F94776A2C91E8F400480444 /* TaskPriority.swift in Sources */,
				1F8A70E22C8E95BF00D99C9A /* TaskManagementTests.swift in Sources */,
				1F94776B2C91E8F700480444 /* TaskCategory.swift in Sources */,
			);
			runOnlyForDeploymentPostprocessing = 0;
		};
		1F8A70E32C8E95BF00D99C9A /* Sources */ = {
			isa = PBXSourcesBuildPhase;
			buildActionMask = 2147483647;
			files = (
				1F8A70EE2C8E95BF00D99C9A /* TaskManagementUITestsLaunchTests.swift in Sources */,
				1F0D38EF2CA2600500F15A54 /* TestWalkThroughView.swift in Sources */,
				1F0D38F22CA2617900F15A54 /* UserDefaultManager.swift in Sources */,
				1F8A70EC2C8E95BF00D99C9A /* TaskManagementUITests.swift in Sources */,
				1F0D38F52CA2618200F15A54 /* AppConfiguration.swift in Sources */,
				1F0D38F12CA2614B00F15A54 /* WalkthroughFeatureView.swift in Sources */,
				1F0D38F42CA2617E00F15A54 /* HapticManager.swift in Sources */,
				1F0D38EC2CA25B0C00F15A54 /* TestTaskTabarView.swift in Sources */,
				1F0D38F02CA2613800F15A54 /* WalkthroughView.swift in Sources */,
				1F0D38FB2CA2656200F15A54 /* MockGenerateTaskView.swift in Sources */,
				1F0D38F32CA2617B00F15A54 /* Constants.swift in Sources */,
			);
			runOnlyForDeploymentPostprocessing = 0;
		};
/* End PBXSourcesBuildPhase section */

/* Begin PBXTargetDependency section */
		1F8A70DF2C8E95BF00D99C9A /* PBXTargetDependency */ = {
			isa = PBXTargetDependency;
			target = 1F8A70CC2C8E95BE00D99C9A /* TaskManagement */;
			targetProxy = 1F8A70DE2C8E95BF00D99C9A /* PBXContainerItemProxy */;
		};
		1F8A70E92C8E95BF00D99C9A /* PBXTargetDependency */ = {
			isa = PBXTargetDependency;
			target = 1F8A70CC2C8E95BE00D99C9A /* TaskManagement */;
			targetProxy = 1F8A70E82C8E95BF00D99C9A /* PBXContainerItemProxy */;
		};
/* End PBXTargetDependency section */

/* Begin XCBuildConfiguration section */
		1F8A70EF2C8E95BF00D99C9A /* Debug */ = {
			isa = XCBuildConfiguration;
			buildSettings = {
				ALWAYS_SEARCH_USER_PATHS = NO;
				ASSETCATALOG_COMPILER_GENERATE_SWIFT_ASSET_SYMBOL_EXTENSIONS = YES;
				CLANG_ANALYZER_NONNULL = YES;
				CLANG_ANALYZER_NUMBER_OBJECT_CONVERSION = YES_AGGRESSIVE;
				CLANG_CXX_LANGUAGE_STANDARD = "gnu++20";
				CLANG_ENABLE_MODULES = YES;
				CLANG_ENABLE_OBJC_ARC = YES;
				CLANG_ENABLE_OBJC_WEAK = YES;
				CLANG_WARN_BLOCK_CAPTURE_AUTORELEASING = YES;
				CLANG_WARN_BOOL_CONVERSION = YES;
				CLANG_WARN_COMMA = YES;
				CLANG_WARN_CONSTANT_CONVERSION = YES;
				CLANG_WARN_DEPRECATED_OBJC_IMPLEMENTATIONS = YES;
				CLANG_WARN_DIRECT_OBJC_ISA_USAGE = YES_ERROR;
				CLANG_WARN_DOCUMENTATION_COMMENTS = YES;
				CLANG_WARN_EMPTY_BODY = YES;
				CLANG_WARN_ENUM_CONVERSION = YES;
				CLANG_WARN_INFINITE_RECURSION = YES;
				CLANG_WARN_INT_CONVERSION = YES;
				CLANG_WARN_NON_LITERAL_NULL_CONVERSION = YES;
				CLANG_WARN_OBJC_IMPLICIT_RETAIN_SELF = YES;
				CLANG_WARN_OBJC_LITERAL_CONVERSION = YES;
				CLANG_WARN_OBJC_ROOT_CLASS = YES_ERROR;
				CLANG_WARN_QUOTED_INCLUDE_IN_FRAMEWORK_HEADER = YES;
				CLANG_WARN_RANGE_LOOP_ANALYSIS = YES;
				CLANG_WARN_STRICT_PROTOTYPES = YES;
				CLANG_WARN_SUSPICIOUS_MOVE = YES;
				CLANG_WARN_UNGUARDED_AVAILABILITY = YES_AGGRESSIVE;
				CLANG_WARN_UNREACHABLE_CODE = YES;
				CLANG_WARN__DUPLICATE_METHOD_MATCH = YES;
				COPY_PHASE_STRIP = NO;
				DEBUG_INFORMATION_FORMAT = "dwarf-with-dsym";
				ENABLE_STRICT_OBJC_MSGSEND = YES;
				ENABLE_TESTABILITY = YES;
				ENABLE_USER_SCRIPT_SANDBOXING = NO;
				GCC_C_LANGUAGE_STANDARD = gnu17;
				GCC_DYNAMIC_NO_PIC = NO;
				GCC_NO_COMMON_BLOCKS = YES;
				GCC_OPTIMIZATION_LEVEL = 0;
				GCC_PREPROCESSOR_DEFINITIONS = (
					"DEBUG=1",
					"$(inherited)",
				);
				GCC_WARN_64_TO_32_BIT_CONVERSION = YES;
				GCC_WARN_ABOUT_RETURN_TYPE = YES_ERROR;
				GCC_WARN_UNDECLARED_SELECTOR = YES;
				GCC_WARN_UNINITIALIZED_AUTOS = YES_AGGRESSIVE;
				GCC_WARN_UNUSED_FUNCTION = YES;
				GCC_WARN_UNUSED_VARIABLE = YES;
				IPHONEOS_DEPLOYMENT_TARGET = 17.5;
				LOCALIZATION_PREFERS_STRING_CATALOGS = YES;
				MTL_ENABLE_DEBUG_INFO = INCLUDE_SOURCE;
				MTL_FAST_MATH = YES;
				ONLY_ACTIVE_ARCH = YES;
				SDKROOT = iphoneos;
				SWIFT_ACTIVE_COMPILATION_CONDITIONS = "DEBUG $(inherited)";
				SWIFT_OPTIMIZATION_LEVEL = "-Onone";
			};
			name = Debug;
		};
		1F8A70F02C8E95BF00D99C9A /* Release */ = {
			isa = XCBuildConfiguration;
			buildSettings = {
				ALWAYS_SEARCH_USER_PATHS = NO;
				ASSETCATALOG_COMPILER_GENERATE_SWIFT_ASSET_SYMBOL_EXTENSIONS = YES;
				CLANG_ANALYZER_NONNULL = YES;
				CLANG_ANALYZER_NUMBER_OBJECT_CONVERSION = YES_AGGRESSIVE;
				CLANG_CXX_LANGUAGE_STANDARD = "gnu++20";
				CLANG_ENABLE_MODULES = YES;
				CLANG_ENABLE_OBJC_ARC = YES;
				CLANG_ENABLE_OBJC_WEAK = YES;
				CLANG_WARN_BLOCK_CAPTURE_AUTORELEASING = YES;
				CLANG_WARN_BOOL_CONVERSION = YES;
				CLANG_WARN_COMMA = YES;
				CLANG_WARN_CONSTANT_CONVERSION = YES;
				CLANG_WARN_DEPRECATED_OBJC_IMPLEMENTATIONS = YES;
				CLANG_WARN_DIRECT_OBJC_ISA_USAGE = YES_ERROR;
				CLANG_WARN_DOCUMENTATION_COMMENTS = YES;
				CLANG_WARN_EMPTY_BODY = YES;
				CLANG_WARN_ENUM_CONVERSION = YES;
				CLANG_WARN_INFINITE_RECURSION = YES;
				CLANG_WARN_INT_CONVERSION = YES;
				CLANG_WARN_NON_LITERAL_NULL_CONVERSION = YES;
				CLANG_WARN_OBJC_IMPLICIT_RETAIN_SELF = YES;
				CLANG_WARN_OBJC_LITERAL_CONVERSION = YES;
				CLANG_WARN_OBJC_ROOT_CLASS = YES_ERROR;
				CLANG_WARN_QUOTED_INCLUDE_IN_FRAMEWORK_HEADER = YES;
				CLANG_WARN_RANGE_LOOP_ANALYSIS = YES;
				CLANG_WARN_STRICT_PROTOTYPES = YES;
				CLANG_WARN_SUSPICIOUS_MOVE = YES;
				CLANG_WARN_UNGUARDED_AVAILABILITY = YES_AGGRESSIVE;
				CLANG_WARN_UNREACHABLE_CODE = YES;
				CLANG_WARN__DUPLICATE_METHOD_MATCH = YES;
				COPY_PHASE_STRIP = NO;
				DEBUG_INFORMATION_FORMAT = "dwarf-with-dsym";
				ENABLE_NS_ASSERTIONS = NO;
				ENABLE_STRICT_OBJC_MSGSEND = YES;
				ENABLE_USER_SCRIPT_SANDBOXING = NO;
				GCC_C_LANGUAGE_STANDARD = gnu17;
				GCC_NO_COMMON_BLOCKS = YES;
				GCC_WARN_64_TO_32_BIT_CONVERSION = YES;
				GCC_WARN_ABOUT_RETURN_TYPE = YES_ERROR;
				GCC_WARN_UNDECLARED_SELECTOR = YES;
				GCC_WARN_UNINITIALIZED_AUTOS = YES_AGGRESSIVE;
				GCC_WARN_UNUSED_FUNCTION = YES;
				GCC_WARN_UNUSED_VARIABLE = YES;
				IPHONEOS_DEPLOYMENT_TARGET = 17.5;
				LOCALIZATION_PREFERS_STRING_CATALOGS = YES;
				MTL_ENABLE_DEBUG_INFO = NO;
				MTL_FAST_MATH = YES;
				SDKROOT = iphoneos;
				SWIFT_COMPILATION_MODE = wholemodule;
				VALIDATE_PRODUCT = YES;
			};
			name = Release;
		};
		1F8A70F22C8E95BF00D99C9A /* Debug */ = {
			isa = XCBuildConfiguration;
			baseConfigurationReference = 51C263014581CF55B2C040B6 /* Pods-TaskManagement.debug.xcconfig */;
			buildSettings = {
				ASSETCATALOG_COMPILER_APPICON_NAME = AppIcon;
				ASSETCATALOG_COMPILER_GLOBAL_ACCENT_COLOR_NAME = AccentColor;
				CODE_SIGN_ENTITLEMENTS = TaskManagement/TaskManagement.entitlements;
				CODE_SIGN_STYLE = Automatic;
				CURRENT_PROJECT_VERSION = 11;
				DEVELOPMENT_ASSET_PATHS = "\"TaskManagement/Preview Content\"";
				DEVELOPMENT_TEAM = Y3X2RZ63VV;
				ENABLE_PREVIEWS = YES;
				GENERATE_INFOPLIST_FILE = YES;
				INFOPLIST_FILE = TaskManagement/Info.plist;
				INFOPLIST_KEY_CFBundleDisplayName = Tasks;
				INFOPLIST_KEY_LSApplicationCategoryType = "public.app-category.utilities";
				INFOPLIST_KEY_UIApplicationSceneManifest_Generation = YES;
				INFOPLIST_KEY_UIApplicationSupportsIndirectInputEvents = YES;
				INFOPLIST_KEY_UILaunchScreen_Generation = YES;
				INFOPLIST_KEY_UILaunchStoryboardName = "Launch Screen.storyboard";
				INFOPLIST_KEY_UISupportedInterfaceOrientations_iPad = "UIInterfaceOrientationPortrait UIInterfaceOrientationPortraitUpsideDown UIInterfaceOrientationLandscapeLeft UIInterfaceOrientationLandscapeRight";
				INFOPLIST_KEY_UISupportedInterfaceOrientations_iPhone = "UIInterfaceOrientationPortrait UIInterfaceOrientationLandscapeLeft UIInterfaceOrientationLandscapeRight";
				IPHONEOS_DEPLOYMENT_TARGET = 16.0;
				LD_RUNPATH_SEARCH_PATHS = (
					"$(inherited)",
					"@executable_path/Frameworks",
				);
				MARKETING_VERSION = 1.0;
				OTHER_LDFLAGS = (
					"$(inherited)",
					"-l\"c++\"",
					"-l\"compression\"",
					"-l\"sqlite3\"",
					"-l\"z\"",
					"-framework",
					"\"Alamofire\"",
					"-framework",
					"\"CFNetwork\"",
					"-framework",
					"\"CoreTelephony\"",
					"-framework",
					"\"FBLPromises\"",
					"-framework",
					"\"FirebaseCore\"",
					"-framework",
					"\"FirebaseCoreExtension\"",
					"-framework",
					"\"FirebaseCoreInternal\"",
					"-framework",
					"\"FirebaseCrashlytics\"",
					"-framework",
					"\"FirebaseInstallations\"",
					"-framework",
					"\"FirebaseMessaging\"",
					"-framework",
					"\"FirebaseRemoteConfigInterop\"",
					"-framework",
					"\"FirebaseSessions\"",
					"-framework",
					"\"Foundation\"",
					"-framework",
					"\"GoogleDataTransport\"",
					"-framework",
					"\"GoogleUtilities\"",
					"-framework",
					"\"Promises\"",
					"-framework",
					"\"Realm\"",
					"-framework",
					"\"RealmSwift\"",
					"-framework",
					"\"Security\"",
					"-framework",
					"\"SystemConfiguration\"",
					"-framework",
					"\"UIKit\"",
					"-framework",
					"\"nanopb\"",
					"-weak_framework",
					"\"SwiftUI\"",
					"-weak_framework",
					"\"UIKit\"",
					"-weak_framework",
					"\"UserNotifications\"",
					"-ObjC",
				);
				PRODUCT_BUNDLE_IDENTIFIER = vn.todolist.taskmanagement;
				PRODUCT_NAME = "$(TARGET_NAME)";
				SWIFT_EMIT_LOC_STRINGS = YES;
				SWIFT_VERSION = 5.0;
				TARGETED_DEVICE_FAMILY = "1,2";
			};
			name = Debug;
		};
		1F8A70F32C8E95BF00D99C9A /* Release */ = {
			isa = XCBuildConfiguration;
			baseConfigurationReference = CB014A516C1828C67A9ECC82 /* Pods-TaskManagement.release.xcconfig */;
			buildSettings = {
				ASSETCATALOG_COMPILER_APPICON_NAME = AppIcon;
				ASSETCATALOG_COMPILER_GLOBAL_ACCENT_COLOR_NAME = AccentColor;
				CODE_SIGN_ENTITLEMENTS = TaskManagement/TaskManagement.entitlements;
				CODE_SIGN_STYLE = Automatic;
				CURRENT_PROJECT_VERSION = 11;
				DEVELOPMENT_ASSET_PATHS = "\"TaskManagement/Preview Content\"";
				DEVELOPMENT_TEAM = Y3X2RZ63VV;
				ENABLE_PREVIEWS = YES;
				GENERATE_INFOPLIST_FILE = YES;
				INFOPLIST_FILE = TaskManagement/Info.plist;
				INFOPLIST_KEY_CFBundleDisplayName = Tasks;
				INFOPLIST_KEY_LSApplicationCategoryType = "public.app-category.utilities";
				INFOPLIST_KEY_UIApplicationSceneManifest_Generation = YES;
				INFOPLIST_KEY_UIApplicationSupportsIndirectInputEvents = YES;
				INFOPLIST_KEY_UILaunchScreen_Generation = YES;
				INFOPLIST_KEY_UILaunchStoryboardName = "Launch Screen.storyboard";
				INFOPLIST_KEY_UISupportedInterfaceOrientations_iPad = "UIInterfaceOrientationPortrait UIInterfaceOrientationPortraitUpsideDown UIInterfaceOrientationLandscapeLeft UIInterfaceOrientationLandscapeRight";
				INFOPLIST_KEY_UISupportedInterfaceOrientations_iPhone = "UIInterfaceOrientationPortrait UIInterfaceOrientationLandscapeLeft UIInterfaceOrientationLandscapeRight";
				IPHONEOS_DEPLOYMENT_TARGET = 16.0;
				LD_RUNPATH_SEARCH_PATHS = (
					"$(inherited)",
					"@executable_path/Frameworks",
				);
				MARKETING_VERSION = 1.0;
				OTHER_LDFLAGS = (
					"$(inherited)",
					"-l\"c++\"",
					"-l\"compression\"",
					"-l\"sqlite3\"",
					"-l\"z\"",
					"-framework",
					"\"Alamofire\"",
					"-framework",
					"\"CFNetwork\"",
					"-framework",
					"\"CoreTelephony\"",
					"-framework",
					"\"FBLPromises\"",
					"-framework",
					"\"FirebaseCore\"",
					"-framework",
					"\"FirebaseCoreExtension\"",
					"-framework",
					"\"FirebaseCoreInternal\"",
					"-framework",
					"\"FirebaseCrashlytics\"",
					"-framework",
					"\"FirebaseInstallations\"",
					"-framework",
					"\"FirebaseMessaging\"",
					"-framework",
					"\"FirebaseRemoteConfigInterop\"",
					"-framework",
					"\"FirebaseSessions\"",
					"-framework",
					"\"Foundation\"",
					"-framework",
					"\"GoogleDataTransport\"",
					"-framework",
					"\"GoogleUtilities\"",
					"-framework",
					"\"Promises\"",
					"-framework",
					"\"Realm\"",
					"-framework",
					"\"RealmSwift\"",
					"-framework",
					"\"Security\"",
					"-framework",
					"\"SystemConfiguration\"",
					"-framework",
					"\"UIKit\"",
					"-framework",
					"\"nanopb\"",
					"-weak_framework",
					"\"SwiftUI\"",
					"-weak_framework",
					"\"UIKit\"",
					"-weak_framework",
					"\"UserNotifications\"",
					"-ObjC",
				);
				PRODUCT_BUNDLE_IDENTIFIER = vn.todolist.taskmanagement;
				PRODUCT_NAME = "$(TARGET_NAME)";
				SWIFT_EMIT_LOC_STRINGS = YES;
				SWIFT_VERSION = 5.0;
				TARGETED_DEVICE_FAMILY = "1,2";
			};
			name = Release;
		};
		1F8A70F52C8E95BF00D99C9A /* Debug */ = {
			isa = XCBuildConfiguration;
			buildSettings = {
				ALWAYS_EMBED_SWIFT_STANDARD_LIBRARIES = YES;
				BUNDLE_LOADER = "$(TEST_HOST)";
				CODE_SIGN_STYLE = Automatic;
				CURRENT_PROJECT_VERSION = 1;
				DEVELOPMENT_TEAM = Y3X2RZ63VV;
				GENERATE_INFOPLIST_FILE = YES;
				IPHONEOS_DEPLOYMENT_TARGET = 17.5;
				MARKETING_VERSION = 1.0;
				PRODUCT_BUNDLE_IDENTIFIER = vn.dreammerly.TaskManagementTests;
				PRODUCT_NAME = "$(TARGET_NAME)";
				SWIFT_EMIT_LOC_STRINGS = NO;
				SWIFT_VERSION = 5.0;
				TARGETED_DEVICE_FAMILY = "1,2";
				TEST_HOST = "$(BUILT_PRODUCTS_DIR)/TaskManagement.app/$(BUNDLE_EXECUTABLE_FOLDER_PATH)/TaskManagement";
			};
			name = Debug;
		};
		1F8A70F62C8E95BF00D99C9A /* Release */ = {
			isa = XCBuildConfiguration;
			buildSettings = {
				ALWAYS_EMBED_SWIFT_STANDARD_LIBRARIES = YES;
				BUNDLE_LOADER = "$(TEST_HOST)";
				CODE_SIGN_STYLE = Automatic;
				CURRENT_PROJECT_VERSION = 1;
				DEVELOPMENT_TEAM = Y3X2RZ63VV;
				GENERATE_INFOPLIST_FILE = YES;
				IPHONEOS_DEPLOYMENT_TARGET = 17.5;
				MARKETING_VERSION = 1.0;
				PRODUCT_BUNDLE_IDENTIFIER = vn.dreammerly.TaskManagementTests;
				PRODUCT_NAME = "$(TARGET_NAME)";
				SWIFT_EMIT_LOC_STRINGS = NO;
				SWIFT_VERSION = 5.0;
				TARGETED_DEVICE_FAMILY = "1,2";
				TEST_HOST = "$(BUILT_PRODUCTS_DIR)/TaskManagement.app/$(BUNDLE_EXECUTABLE_FOLDER_PATH)/TaskManagement";
			};
			name = Release;
		};
		1F8A70F82C8E95BF00D99C9A /* Debug */ = {
			isa = XCBuildConfiguration;
			buildSettings = {
				ALWAYS_EMBED_SWIFT_STANDARD_LIBRARIES = YES;
				CODE_SIGN_STYLE = Automatic;
				CURRENT_PROJECT_VERSION = 1;
				DEVELOPMENT_TEAM = Y3X2RZ63VV;
				GENERATE_INFOPLIST_FILE = YES;
				MARKETING_VERSION = 1.0;
				PRODUCT_BUNDLE_IDENTIFIER = vn.dreammerly.TaskManagementUITests;
				PRODUCT_NAME = "$(TARGET_NAME)";
				SWIFT_EMIT_LOC_STRINGS = NO;
				SWIFT_VERSION = 5.0;
				TARGETED_DEVICE_FAMILY = "1,2";
				TEST_TARGET_NAME = TaskManagement;
			};
			name = Debug;
		};
		1F8A70F92C8E95BF00D99C9A /* Release */ = {
			isa = XCBuildConfiguration;
			buildSettings = {
				ALWAYS_EMBED_SWIFT_STANDARD_LIBRARIES = YES;
				CODE_SIGN_STYLE = Automatic;
				CURRENT_PROJECT_VERSION = 1;
				DEVELOPMENT_TEAM = Y3X2RZ63VV;
				GENERATE_INFOPLIST_FILE = YES;
				MARKETING_VERSION = 1.0;
				PRODUCT_BUNDLE_IDENTIFIER = vn.dreammerly.TaskManagementUITests;
				PRODUCT_NAME = "$(TARGET_NAME)";
				SWIFT_EMIT_LOC_STRINGS = NO;
				SWIFT_VERSION = 5.0;
				TARGETED_DEVICE_FAMILY = "1,2";
				TEST_TARGET_NAME = TaskManagement;
			};
			name = Release;
		};
/* End XCBuildConfiguration section */

/* Begin XCConfigurationList section */
		1F8A70C82C8E95BE00D99C9A /* Build configuration list for PBXProject "TaskManagement" */ = {
			isa = XCConfigurationList;
			buildConfigurations = (
				1F8A70EF2C8E95BF00D99C9A /* Debug */,
				1F8A70F02C8E95BF00D99C9A /* Release */,
			);
			defaultConfigurationIsVisible = 0;
			defaultConfigurationName = Release;
		};
		1F8A70F12C8E95BF00D99C9A /* Build configuration list for PBXNativeTarget "TaskManagement" */ = {
			isa = XCConfigurationList;
			buildConfigurations = (
				1F8A70F22C8E95BF00D99C9A /* Debug */,
				1F8A70F32C8E95BF00D99C9A /* Release */,
			);
			defaultConfigurationIsVisible = 0;
			defaultConfigurationName = Release;
		};
		1F8A70F42C8E95BF00D99C9A /* Build configuration list for PBXNativeTarget "TaskManagementTests" */ = {
			isa = XCConfigurationList;
			buildConfigurations = (
				1F8A70F52C8E95BF00D99C9A /* Debug */,
				1F8A70F62C8E95BF00D99C9A /* Release */,
			);
			defaultConfigurationIsVisible = 0;
			defaultConfigurationName = Release;
		};
		1F8A70F72C8E95BF00D99C9A /* Build configuration list for PBXNativeTarget "TaskManagementUITests" */ = {
			isa = XCConfigurationList;
			buildConfigurations = (
				1F8A70F82C8E95BF00D99C9A /* Debug */,
				1F8A70F92C8E95BF00D99C9A /* Release */,
			);
			defaultConfigurationIsVisible = 0;
			defaultConfigurationName = Release;
		};
/* End XCConfigurationList section */
	};
	rootObject = 1F8A70C52C8E95BE00D99C9A /* Project object */;
}
