// !$*UTF8*$!
{
	archiveVersion = 1;
	classes = {
	};
	objectVersion = 56;
	objects = {

/* Begin PBXBuildFile section */
		1F341FD02C8EF71F0098C834 /* DashboardViewModel.swift in Sources */ = {isa = PBXBuildFile; fileRef = 1F341FCF2C8EF71F0098C834 /* DashboardViewModel.swift */; };
		1F341FD22C8EFD9E0098C834 /* TodayTaskProgressView.swift in Sources */ = {isa = PBXBuildFile; fileRef = 1F341FD12C8EFD9E0098C834 /* TodayTaskProgressView.swift */; };
		1F341FD42C8EFDEC0098C834 /* TaskInProgressView.swift in Sources */ = {isa = PBXBuildFile; fileRef = 1F341FD32C8EFDEC0098C834 /* TaskInProgressView.swift */; };
		1F341FD62C8EFE230098C834 /* TaskGroupView.swift in Sources */ = {isa = PBXBuildFile; fileRef = 1F341FD52C8EFE230098C834 /* TaskGroupView.swift */; };
		1F341FD92C8F07530098C834 /* Color+Extension.swift in Sources */ = {isa = PBXBuildFile; fileRef = 1F341FD82C8F07530098C834 /* Color+Extension.swift */; };
		1F341FDB2C8F33AC0098C834 /* TaskStatus.swift in Sources */ = {isa = PBXBuildFile; fileRef = 1F341FDA2C8F33AC0098C834 /* TaskStatus.swift */; };
		1F341FDC2C8F33AC0098C834 /* TaskStatus.swift in Sources */ = {isa = PBXBuildFile; fileRef = 1F341FDA2C8F33AC0098C834 /* TaskStatus.swift */; };
		1F64945F2C8F722300344661 /* Utils.swift in Sources */ = {isa = PBXBuildFile; fileRef = 1F64945E2C8F722300344661 /* Utils.swift */; };
		1F8A70D12C8E95BE00D99C9A /* TaskManagementApp.swift in Sources */ = {isa = PBXBuildFile; fileRef = 1F8A70D02C8E95BE00D99C9A /* TaskManagementApp.swift */; };
		1F8A70D32C8E95BE00D99C9A /* ContentView.swift in Sources */ = {isa = PBXBuildFile; fileRef = 1F8A70D22C8E95BE00D99C9A /* ContentView.swift */; };
		1F8A70D52C8E95BF00D99C9A /* Assets.xcassets in Resources */ = {isa = PBXBuildFile; fileRef = 1F8A70D42C8E95BF00D99C9A /* Assets.xcassets */; };
		1F8A70D82C8E95BF00D99C9A /* Preview Assets.xcassets in Resources */ = {isa = PBXBuildFile; fileRef = 1F8A70D72C8E95BF00D99C9A /* Preview Assets.xcassets */; };
		1F8A70E22C8E95BF00D99C9A /* TaskManagementTests.swift in Sources */ = {isa = PBXBuildFile; fileRef = 1F8A70E12C8E95BF00D99C9A /* TaskManagementTests.swift */; };
		1F8A70EC2C8E95BF00D99C9A /* TaskManagementUITests.swift in Sources */ = {isa = PBXBuildFile; fileRef = 1F8A70EB2C8E95BF00D99C9A /* TaskManagementUITests.swift */; };
		1F8A70EE2C8E95BF00D99C9A /* TaskManagementUITestsLaunchTests.swift in Sources */ = {isa = PBXBuildFile; fileRef = 1F8A70ED2C8E95BF00D99C9A /* TaskManagementUITestsLaunchTests.swift */; };
		1F990AF42C911454003B5117 /* DueDateCalendarView.swift in Sources */ = {isa = PBXBuildFile; fileRef = 1F990AF32C911454003B5117 /* DueDateCalendarView.swift */; };
		1F990AF62C91305B003B5117 /* TaskCalendarViewModel.swift in Sources */ = {isa = PBXBuildFile; fileRef = 1F990AF52C91305B003B5117 /* TaskCalendarViewModel.swift */; };
		1F990AF82C9133E5003B5117 /* DueDatePickerView.swift in Sources */ = {isa = PBXBuildFile; fileRef = 1F990AF72C9133E5003B5117 /* DueDatePickerView.swift */; };
		1FAF293B2C8FDDB200686EA3 /* TaskTabarView.swift in Sources */ = {isa = PBXBuildFile; fileRef = 1FAF293A2C8FDDB200686EA3 /* TaskTabarView.swift */; };
		1FAF293D2C9003A200686EA3 /* CalanderDate.swift in Sources */ = {isa = PBXBuildFile; fileRef = 1FAF293C2C9003A200686EA3 /* CalanderDate.swift */; };
		1FAF293F2C9003D100686EA3 /* Date+Extension.swift in Sources */ = {isa = PBXBuildFile; fileRef = 1FAF293E2C9003D100686EA3 /* Date+Extension.swift */; };
		1FAF29412C90040F00686EA3 /* DueDatePicker.swift in Sources */ = {isa = PBXBuildFile; fileRef = 1FAF29402C90040F00686EA3 /* DueDatePicker.swift */; };
		1FAF29442C90527900686EA3 /* TaskCalendarView.swift in Sources */ = {isa = PBXBuildFile; fileRef = 1FAF29432C90527900686EA3 /* TaskCalendarView.swift */; };
		1FAF29472C9053B900686EA3 /* SideMenuView.swift in Sources */ = {isa = PBXBuildFile; fileRef = 1FAF29462C9053B900686EA3 /* SideMenuView.swift */; };
		1FAF294B2C9058EB00686EA3 /* NotificationService.swift in Sources */ = {isa = PBXBuildFile; fileRef = 1FAF294A2C9058EB00686EA3 /* NotificationService.swift */; };
		1FAF294D2C90693800686EA3 /* UserDefaultManager.swift in Sources */ = {isa = PBXBuildFile; fileRef = 1FAF294C2C90693800686EA3 /* UserDefaultManager.swift */; };
		1FC3D6BA2C8F51FA004E0109 /* AddTaskView.swift in Sources */ = {isa = PBXBuildFile; fileRef = 1FDA7F472C8EE0B000B969A1 /* AddTaskView.swift */; };
		1FDA7F0D2C8E9DE500B969A1 /* Task.swift in Sources */ = {isa = PBXBuildFile; fileRef = 1FDA7F0C2C8E9DE500B969A1 /* Task.swift */; };
		1FDA7F0F2C8E9DFB00B969A1 /* TaskPriority.swift in Sources */ = {isa = PBXBuildFile; fileRef = 1FDA7F0E2C8E9DFB00B969A1 /* TaskPriority.swift */; };
		1FDA7F102C8E9E0600B969A1 /* Task.swift in Sources */ = {isa = PBXBuildFile; fileRef = 1FDA7F0C2C8E9DE500B969A1 /* Task.swift */; };
		1FDA7F112C8E9E0A00B969A1 /* TaskPriority.swift in Sources */ = {isa = PBXBuildFile; fileRef = 1FDA7F0E2C8E9DFB00B969A1 /* TaskPriority.swift */; };
		1FDA7F132C8E9E2200B969A1 /* TaskCategory.swift in Sources */ = {isa = PBXBuildFile; fileRef = 1FDA7F122C8E9E2200B969A1 /* TaskCategory.swift */; };
		1FDA7F142C8E9E2200B969A1 /* TaskCategory.swift in Sources */ = {isa = PBXBuildFile; fileRef = 1FDA7F122C8E9E2200B969A1 /* TaskCategory.swift */; };
		1FDA7F162C8E9E6A00B969A1 /* TaskListViewModel.swift in Sources */ = {isa = PBXBuildFile; fileRef = 1FDA7F152C8E9E6A00B969A1 /* TaskListViewModel.swift */; };
		1FDA7F172C8E9E6A00B969A1 /* TaskListViewModel.swift in Sources */ = {isa = PBXBuildFile; fileRef = 1FDA7F152C8E9E6A00B969A1 /* TaskListViewModel.swift */; };
		1FDA7F192C8E9E7F00B969A1 /* TaskDetailsViewModel.swift in Sources */ = {isa = PBXBuildFile; fileRef = 1FDA7F182C8E9E7F00B969A1 /* TaskDetailsViewModel.swift */; };
		1FDA7F1A2C8E9E7F00B969A1 /* TaskDetailsViewModel.swift in Sources */ = {isa = PBXBuildFile; fileRef = 1FDA7F182C8E9E7F00B969A1 /* TaskDetailsViewModel.swift */; };
		1FDA7F1C2C8E9E9700B969A1 /* TaskEditViewModel.swift in Sources */ = {isa = PBXBuildFile; fileRef = 1FDA7F1B2C8E9E9700B969A1 /* TaskEditViewModel.swift */; };
		1FDA7F1D2C8E9E9700B969A1 /* TaskEditViewModel.swift in Sources */ = {isa = PBXBuildFile; fileRef = 1FDA7F1B2C8E9E9700B969A1 /* TaskEditViewModel.swift */; };
		1FDA7F1F2C8E9EB300B969A1 /* TaskListView.swift in Sources */ = {isa = PBXBuildFile; fileRef = 1FDA7F1E2C8E9EB300B969A1 /* TaskListView.swift */; };
		1FDA7F202C8E9EB300B969A1 /* TaskListView.swift in Sources */ = {isa = PBXBuildFile; fileRef = 1FDA7F1E2C8E9EB300B969A1 /* TaskListView.swift */; };
		1FDA7F242C8E9F0400B969A1 /* TaskRowView.swift in Sources */ = {isa = PBXBuildFile; fileRef = 1FDA7F232C8E9F0400B969A1 /* TaskRowView.swift */; };
		1FDA7F252C8E9F0400B969A1 /* TaskRowView.swift in Sources */ = {isa = PBXBuildFile; fileRef = 1FDA7F232C8E9F0400B969A1 /* TaskRowView.swift */; };
		1FDA7F282C8E9F2200B969A1 /* TaskDetailView.swift in Sources */ = {isa = PBXBuildFile; fileRef = 1FDA7F272C8E9F2200B969A1 /* TaskDetailView.swift */; };
		1FDA7F292C8E9F2200B969A1 /* TaskDetailView.swift in Sources */ = {isa = PBXBuildFile; fileRef = 1FDA7F272C8E9F2200B969A1 /* TaskDetailView.swift */; };
		1FDA7F2B2C8E9F3A00B969A1 /* TaskEditView.swift in Sources */ = {isa = PBXBuildFile; fileRef = 1FDA7F2A2C8E9F3A00B969A1 /* TaskEditView.swift */; };
		1FDA7F2C2C8E9F3A00B969A1 /* TaskEditView.swift in Sources */ = {isa = PBXBuildFile; fileRef = 1FDA7F2A2C8E9F3A00B969A1 /* TaskEditView.swift */; };
		1FDA7F2F2C8E9F6D00B969A1 /* TaskPriorityIndicatorView.swift in Sources */ = {isa = PBXBuildFile; fileRef = 1FDA7F2E2C8E9F6D00B969A1 /* TaskPriorityIndicatorView.swift */; };
		1FDA7F302C8E9F6D00B969A1 /* TaskPriorityIndicatorView.swift in Sources */ = {isa = PBXBuildFile; fileRef = 1FDA7F2E2C8E9F6D00B969A1 /* TaskPriorityIndicatorView.swift */; };
		1FDA7F352C8E9F9200B969A1 /* CategoryBadgeView.swift in Sources */ = {isa = PBXBuildFile; fileRef = 1FDA7F342C8E9F9200B969A1 /* CategoryBadgeView.swift */; };
		1FDA7F362C8E9F9200B969A1 /* CategoryBadgeView.swift in Sources */ = {isa = PBXBuildFile; fileRef = 1FDA7F342C8E9F9200B969A1 /* CategoryBadgeView.swift */; };
		1FDA7F392C8EA0F700B969A1 /* Launch Screen.storyboard in Resources */ = {isa = PBXBuildFile; fileRef = 1FDA7F382C8EA0F700B969A1 /* Launch Screen.storyboard */; };
		1FDA7F3C2C8EA1E400B969A1 /* TaskManagerDB.swift in Sources */ = {isa = PBXBuildFile; fileRef = 1FDA7F3B2C8EA1E400B969A1 /* TaskManagerDB.swift */; };
		1FDA7F3E2C8EA1FA00B969A1 /* NetworkClient.swift in Sources */ = {isa = PBXBuildFile; fileRef = 1FDA7F3D2C8EA1FA00B969A1 /* NetworkClient.swift */; };
		1FDA7F402C8EA32D00B969A1 /* LaunchIcon.png in Resources */ = {isa = PBXBuildFile; fileRef = 1FDA7F3F2C8EA32D00B969A1 /* LaunchIcon.png */; };
		1FDA7F422C8EAC3D00B969A1 /* TaskTest.swift in Sources */ = {isa = PBXBuildFile; fileRef = 1FDA7F412C8EAC3D00B969A1 /* TaskTest.swift */; };
		1FDA7F442C8EBFBD00B969A1 /* TaskEntity.swift in Sources */ = {isa = PBXBuildFile; fileRef = 1FDA7F432C8EBFBD00B969A1 /* TaskEntity.swift */; };
		1FDA7F482C8EE0B000B969A1 /* AddTaskView.swift in Sources */ = {isa = PBXBuildFile; fileRef = 1FDA7F472C8EE0B000B969A1 /* AddTaskView.swift */; };
		1FDA7F4A2C8EE76A00B969A1 /* EmptyTaskView.swift in Sources */ = {isa = PBXBuildFile; fileRef = 1FDA7F492C8EE76A00B969A1 /* EmptyTaskView.swift */; };
		1FDA7F4C2C8EF0EE00B969A1 /* DashboardView.swift in Sources */ = {isa = PBXBuildFile; fileRef = 1FDA7F4B2C8EF0EE00B969A1 /* DashboardView.swift */; };
		1FDA7F502C8EF3E000B969A1 /* CircleProgressView.swift in Sources */ = {isa = PBXBuildFile; fileRef = 1FDA7F4F2C8EF3E000B969A1 /* CircleProgressView.swift */; };
		5A8B0A679F98436298504E5F /* Pods_TaskManagement.framework in Frameworks */ = {isa = PBXBuildFile; fileRef = DCFD7E81FE717BB38E9F109C /* Pods_TaskManagement.framework */; };
/* End PBXBuildFile section */

/* Begin PBXContainerItemProxy section */
		1F8A70DE2C8E95BF00D99C9A /* PBXContainerItemProxy */ = {
			isa = PBXContainerItemProxy;
			containerPortal = 1F8A70C52C8E95BE00D99C9A /* Project object */;
			proxyType = 1;
			remoteGlobalIDString = 1F8A70CC2C8E95BE00D99C9A;
			remoteInfo = TaskManagement;
		};
		1F8A70E82C8E95BF00D99C9A /* PBXContainerItemProxy */ = {
			isa = PBXContainerItemProxy;
			containerPortal = 1F8A70C52C8E95BE00D99C9A /* Project object */;
			proxyType = 1;
			remoteGlobalIDString = 1F8A70CC2C8E95BE00D99C9A;
			remoteInfo = TaskManagement;
		};
/* End PBXContainerItemProxy section */

/* Begin PBXFileReference section */
		1F341FCF2C8EF71F0098C834 /* DashboardViewModel.swift */ = {isa = PBXFileReference; lastKnownFileType = sourcecode.swift; path = DashboardViewModel.swift; sourceTree = "<group>"; };
		1F341FD12C8EFD9E0098C834 /* TodayTaskProgressView.swift */ = {isa = PBXFileReference; lastKnownFileType = sourcecode.swift; path = TodayTaskProgressView.swift; sourceTree = "<group>"; };
		1F341FD32C8EFDEC0098C834 /* TaskInProgressView.swift */ = {isa = PBXFileReference; lastKnownFileType = sourcecode.swift; path = TaskInProgressView.swift; sourceTree = "<group>"; };
		1F341FD52C8EFE230098C834 /* TaskGroupView.swift */ = {isa = PBXFileReference; lastKnownFileType = sourcecode.swift; path = TaskGroupView.swift; sourceTree = "<group>"; };
		1F341FD82C8F07530098C834 /* Color+Extension.swift */ = {isa = PBXFileReference; lastKnownFileType = sourcecode.swift; path = "Color+Extension.swift"; sourceTree = "<group>"; };
		1F341FDA2C8F33AC0098C834 /* TaskStatus.swift */ = {isa = PBXFileReference; lastKnownFileType = sourcecode.swift; path = TaskStatus.swift; sourceTree = "<group>"; };
		1F64945E2C8F722300344661 /* Utils.swift */ = {isa = PBXFileReference; lastKnownFileType = sourcecode.swift; path = Utils.swift; sourceTree = "<group>"; };
		1F8A70CD2C8E95BE00D99C9A /* TaskManagement.app */ = {isa = PBXFileReference; explicitFileType = wrapper.application; includeInIndex = 0; path = TaskManagement.app; sourceTree = BUILT_PRODUCTS_DIR; };
		1F8A70D02C8E95BE00D99C9A /* TaskManagementApp.swift */ = {isa = PBXFileReference; lastKnownFileType = sourcecode.swift; path = TaskManagementApp.swift; sourceTree = "<group>"; };
		1F8A70D22C8E95BE00D99C9A /* ContentView.swift */ = {isa = PBXFileReference; lastKnownFileType = sourcecode.swift; path = ContentView.swift; sourceTree = "<group>"; };
		1F8A70D42C8E95BF00D99C9A /* Assets.xcassets */ = {isa = PBXFileReference; lastKnownFileType = folder.assetcatalog; path = Assets.xcassets; sourceTree = "<group>"; };
		1F8A70D72C8E95BF00D99C9A /* Preview Assets.xcassets */ = {isa = PBXFileReference; lastKnownFileType = folder.assetcatalog; path = "Preview Assets.xcassets"; sourceTree = "<group>"; };
		1F8A70DD2C8E95BF00D99C9A /* TaskManagementTests.xctest */ = {isa = PBXFileReference; explicitFileType = wrapper.cfbundle; includeInIndex = 0; path = TaskManagementTests.xctest; sourceTree = BUILT_PRODUCTS_DIR; };
		1F8A70E12C8E95BF00D99C9A /* TaskManagementTests.swift */ = {isa = PBXFileReference; lastKnownFileType = sourcecode.swift; path = TaskManagementTests.swift; sourceTree = "<group>"; };
		1F8A70E72C8E95BF00D99C9A /* TaskManagementUITests.xctest */ = {isa = PBXFileReference; explicitFileType = wrapper.cfbundle; includeInIndex = 0; path = TaskManagementUITests.xctest; sourceTree = BUILT_PRODUCTS_DIR; };
		1F8A70EB2C8E95BF00D99C9A /* TaskManagementUITests.swift */ = {isa = PBXFileReference; lastKnownFileType = sourcecode.swift; path = TaskManagementUITests.swift; sourceTree = "<group>"; };
		1F8A70ED2C8E95BF00D99C9A /* TaskManagementUITestsLaunchTests.swift */ = {isa = PBXFileReference; lastKnownFileType = sourcecode.swift; path = TaskManagementUITestsLaunchTests.swift; sourceTree = "<group>"; };
		1F990AF32C911454003B5117 /* DueDateCalendarView.swift */ = {isa = PBXFileReference; lastKnownFileType = sourcecode.swift; path = DueDateCalendarView.swift; sourceTree = "<group>"; };
		1F990AF52C91305B003B5117 /* TaskCalendarViewModel.swift */ = {isa = PBXFileReference; lastKnownFileType = sourcecode.swift; path = TaskCalendarViewModel.swift; sourceTree = "<group>"; };
		1F990AF72C9133E5003B5117 /* DueDatePickerView.swift */ = {isa = PBXFileReference; lastKnownFileType = sourcecode.swift; path = DueDatePickerView.swift; sourceTree = "<group>"; };
		1FAF293A2C8FDDB200686EA3 /* TaskTabarView.swift */ = {isa = PBXFileReference; lastKnownFileType = sourcecode.swift; path = TaskTabarView.swift; sourceTree = "<group>"; };
		1FAF293C2C9003A200686EA3 /* CalanderDate.swift */ = {isa = PBXFileReference; lastKnownFileType = sourcecode.swift; path = CalanderDate.swift; sourceTree = "<group>"; };
		1FAF293E2C9003D100686EA3 /* Date+Extension.swift */ = {isa = PBXFileReference; lastKnownFileType = sourcecode.swift; path = "Date+Extension.swift"; sourceTree = "<group>"; };
		1FAF29402C90040F00686EA3 /* DueDatePicker.swift */ = {isa = PBXFileReference; lastKnownFileType = sourcecode.swift; path = DueDatePicker.swift; sourceTree = "<group>"; };
		1FAF29432C90527900686EA3 /* TaskCalendarView.swift */ = {isa = PBXFileReference; lastKnownFileType = sourcecode.swift; path = TaskCalendarView.swift; sourceTree = "<group>"; };
		1FAF29462C9053B900686EA3 /* SideMenuView.swift */ = {isa = PBXFileReference; lastKnownFileType = sourcecode.swift; path = SideMenuView.swift; sourceTree = "<group>"; };
		1FAF29482C90563F00686EA3 /* TaskManagement.entitlements */ = {isa = PBXFileReference; lastKnownFileType = text.plist.entitlements; path = TaskManagement.entitlements; sourceTree = "<group>"; };
		1FAF294A2C9058EB00686EA3 /* NotificationService.swift */ = {isa = PBXFileReference; lastKnownFileType = sourcecode.swift; path = NotificationService.swift; sourceTree = "<group>"; };
		1FAF294C2C90693800686EA3 /* UserDefaultManager.swift */ = {isa = PBXFileReference; fileEncoding = 4; lastKnownFileType = sourcecode.swift; path = UserDefaultManager.swift; sourceTree = "<group>"; };
		1FDA7F0C2C8E9DE500B969A1 /* Task.swift */ = {isa = PBXFileReference; lastKnownFileType = sourcecode.swift; path = Task.swift; sourceTree = "<group>"; };
		1FDA7F0E2C8E9DFB00B969A1 /* TaskPriority.swift */ = {isa = PBXFileReference; lastKnownFileType = sourcecode.swift; path = TaskPriority.swift; sourceTree = "<group>"; };
		1FDA7F122C8E9E2200B969A1 /* TaskCategory.swift */ = {isa = PBXFileReference; lastKnownFileType = sourcecode.swift; path = TaskCategory.swift; sourceTree = "<group>"; };
		1FDA7F152C8E9E6A00B969A1 /* TaskListViewModel.swift */ = {isa = PBXFileReference; lastKnownFileType = sourcecode.swift; path = TaskListViewModel.swift; sourceTree = "<group>"; };
		1FDA7F182C8E9E7F00B969A1 /* TaskDetailsViewModel.swift */ = {isa = PBXFileReference; lastKnownFileType = sourcecode.swift; path = TaskDetailsViewModel.swift; sourceTree = "<group>"; };
		1FDA7F1B2C8E9E9700B969A1 /* TaskEditViewModel.swift */ = {isa = PBXFileReference; lastKnownFileType = sourcecode.swift; path = TaskEditViewModel.swift; sourceTree = "<group>"; };
		1FDA7F1E2C8E9EB300B969A1 /* TaskListView.swift */ = {isa = PBXFileReference; lastKnownFileType = sourcecode.swift; path = TaskListView.swift; sourceTree = "<group>"; };
		1FDA7F232C8E9F0400B969A1 /* TaskRowView.swift */ = {isa = PBXFileReference; lastKnownFileType = sourcecode.swift; path = TaskRowView.swift; sourceTree = "<group>"; };
		1FDA7F272C8E9F2200B969A1 /* TaskDetailView.swift */ = {isa = PBXFileReference; lastKnownFileType = sourcecode.swift; path = TaskDetailView.swift; sourceTree = "<group>"; };
		1FDA7F2A2C8E9F3A00B969A1 /* TaskEditView.swift */ = {isa = PBXFileReference; lastKnownFileType = sourcecode.swift; path = TaskEditView.swift; sourceTree = "<group>"; };
		1FDA7F2E2C8E9F6D00B969A1 /* TaskPriorityIndicatorView.swift */ = {isa = PBXFileReference; lastKnownFileType = sourcecode.swift; path = TaskPriorityIndicatorView.swift; sourceTree = "<group>"; };
		1FDA7F342C8E9F9200B969A1 /* CategoryBadgeView.swift */ = {isa = PBXFileReference; lastKnownFileType = sourcecode.swift; path = CategoryBadgeView.swift; sourceTree = "<group>"; };
		1FDA7F382C8EA0F700B969A1 /* Launch Screen.storyboard */ = {isa = PBXFileReference; lastKnownFileType = file.storyboard; path = "Launch Screen.storyboard"; sourceTree = "<group>"; };
		1FDA7F3B2C8EA1E400B969A1 /* TaskManagerDB.swift */ = {isa = PBXFileReference; lastKnownFileType = sourcecode.swift; path = TaskManagerDB.swift; sourceTree = "<group>"; };
		1FDA7F3D2C8EA1FA00B969A1 /* NetworkClient.swift */ = {isa = PBXFileReference; lastKnownFileType = sourcecode.swift; path = NetworkClient.swift; sourceTree = "<group>"; };
		1FDA7F3F2C8EA32D00B969A1 /* LaunchIcon.png */ = {isa = PBXFileReference; lastKnownFileType = image.png; path = LaunchIcon.png; sourceTree = "<group>"; };
		1FDA7F412C8EAC3D00B969A1 /* TaskTest.swift */ = {isa = PBXFileReference; lastKnownFileType = sourcecode.swift; path = TaskTest.swift; sourceTree = "<group>"; };
		1FDA7F432C8EBFBD00B969A1 /* TaskEntity.swift */ = {isa = PBXFileReference; lastKnownFileType = sourcecode.swift; path = TaskEntity.swift; sourceTree = "<group>"; };
		1FDA7F472C8EE0B000B969A1 /* AddTaskView.swift */ = {isa = PBXFileReference; lastKnownFileType = sourcecode.swift; path = AddTaskView.swift; sourceTree = "<group>"; };
		1FDA7F492C8EE76A00B969A1 /* EmptyTaskView.swift */ = {isa = PBXFileReference; lastKnownFileType = sourcecode.swift; path = EmptyTaskView.swift; sourceTree = "<group>"; };
		1FDA7F4B2C8EF0EE00B969A1 /* DashboardView.swift */ = {isa = PBXFileReference; lastKnownFileType = sourcecode.swift; path = DashboardView.swift; sourceTree = "<group>"; };
		1FDA7F4F2C8EF3E000B969A1 /* CircleProgressView.swift */ = {isa = PBXFileReference; lastKnownFileType = sourcecode.swift; path = CircleProgressView.swift; sourceTree = "<group>"; };
		51C263014581CF55B2C040B6 /* Pods-TaskManagement.debug.xcconfig */ = {isa = PBXFileReference; includeInIndex = 1; lastKnownFileType = text.xcconfig; name = "Pods-TaskManagement.debug.xcconfig"; path = "Target Support Files/Pods-TaskManagement/Pods-TaskManagement.debug.xcconfig"; sourceTree = "<group>"; };
		CB014A516C1828C67A9ECC82 /* Pods-TaskManagement.release.xcconfig */ = {isa = PBXFileReference; includeInIndex = 1; lastKnownFileType = text.xcconfig; name = "Pods-TaskManagement.release.xcconfig"; path = "Target Support Files/Pods-TaskManagement/Pods-TaskManagement.release.xcconfig"; sourceTree = "<group>"; };
		DCFD7E81FE717BB38E9F109C /* Pods_TaskManagement.framework */ = {isa = PBXFileReference; explicitFileType = wrapper.framework; includeInIndex = 0; path = Pods_TaskManagement.framework; sourceTree = BUILT_PRODUCTS_DIR; };
/* End PBXFileReference section */

/* Begin PBXFrameworksBuildPhase section */
		1F8A70CA2C8E95BE00D99C9A /* Frameworks */ = {
			isa = PBXFrameworksBuildPhase;
			buildActionMask = 2147483647;
			files = (
				5A8B0A679F98436298504E5F /* Pods_TaskManagement.framework in Frameworks */,
			);
			runOnlyForDeploymentPostprocessing = 0;
		};
		1F8A70DA2C8E95BF00D99C9A /* Frameworks */ = {
			isa = PBXFrameworksBuildPhase;
			buildActionMask = 2147483647;
			files = (
			);
			runOnlyForDeploymentPostprocessing = 0;
		};
		1F8A70E42C8E95BF00D99C9A /* Frameworks */ = {
			isa = PBXFrameworksBuildPhase;
			buildActionMask = 2147483647;
			files = (
			);
			runOnlyForDeploymentPostprocessing = 0;
		};
/* End PBXFrameworksBuildPhase section */

/* Begin PBXGroup section */
		155A51692DE424DFCF0228B5 /* Pods */ = {
			isa = PBXGroup;
			children = (
				51C263014581CF55B2C040B6 /* Pods-TaskManagement.debug.xcconfig */,
				CB014A516C1828C67A9ECC82 /* Pods-TaskManagement.release.xcconfig */,
			);
			path = Pods;
			sourceTree = "<group>";
		};
		1F341FD72C8F073F0098C834 /* Extensions */ = {
			isa = PBXGroup;
			children = (
				1F341FD82C8F07530098C834 /* Color+Extension.swift */,
				1FAF293E2C9003D100686EA3 /* Date+Extension.swift */,
			);
			path = Extensions;
			sourceTree = "<group>";
		};
		1F8A70C42C8E95BE00D99C9A = {
			isa = PBXGroup;
			children = (
				1F8A70CF2C8E95BE00D99C9A /* TaskManagement */,
				1F8A70E02C8E95BF00D99C9A /* TaskManagementTests */,
				1F8A70EA2C8E95BF00D99C9A /* TaskManagementUITests */,
				1F8A70CE2C8E95BE00D99C9A /* Products */,
				155A51692DE424DFCF0228B5 /* Pods */,
				51982E9CCC4490EFEC3483A5 /* Frameworks */,
			);
			sourceTree = "<group>";
		};
		1F8A70CE2C8E95BE00D99C9A /* Products */ = {
			isa = PBXGroup;
			children = (
				1F8A70CD2C8E95BE00D99C9A /* TaskManagement.app */,
				1F8A70DD2C8E95BF00D99C9A /* TaskManagementTests.xctest */,
				1F8A70E72C8E95BF00D99C9A /* TaskManagementUITests.xctest */,
			);
			name = Products;
			sourceTree = "<group>";
		};
		1F8A70CF2C8E95BE00D99C9A /* TaskManagement */ = {
			isa = PBXGroup;
			children = (
				1FAF29482C90563F00686EA3 /* TaskManagement.entitlements */,
				1FDA7F082C8E9C4100B969A1 /* Models */,
				1FDA7F062C8E9C2C00B969A1 /* ViewModels */,
				1FDA7F072C8E9C3900B969A1 /* Views */,
				1FDA7F052C8E9C2000B969A1 /* Services */,
				1FDA7F092C8E9C4E00B969A1 /* Resources */,
				1FDA7F0B2C8E9DC200B969A1 /* Utilities */,
				1F8A70D02C8E95BE00D99C9A /* TaskManagementApp.swift */,
				1F8A70D22C8E95BE00D99C9A /* ContentView.swift */,
				1F8A70D42C8E95BF00D99C9A /* Assets.xcassets */,
				1F8A70D62C8E95BF00D99C9A /* Preview Content */,
				1FDA7F382C8EA0F700B969A1 /* Launch Screen.storyboard */,
			);
			path = TaskManagement;
			sourceTree = "<group>";
		};
		1F8A70D62C8E95BF00D99C9A /* Preview Content */ = {
			isa = PBXGroup;
			children = (
				1F8A70D72C8E95BF00D99C9A /* Preview Assets.xcassets */,
			);
			path = "Preview Content";
			sourceTree = "<group>";
		};
		1F8A70E02C8E95BF00D99C9A /* TaskManagementTests */ = {
			isa = PBXGroup;
			children = (
				1F8A70E12C8E95BF00D99C9A /* TaskManagementTests.swift */,
				1FDA7F412C8EAC3D00B969A1 /* TaskTest.swift */,
			);
			path = TaskManagementTests;
			sourceTree = "<group>";
		};
		1F8A70EA2C8E95BF00D99C9A /* TaskManagementUITests */ = {
			isa = PBXGroup;
			children = (
				1F8A70EB2C8E95BF00D99C9A /* TaskManagementUITests.swift */,
				1F8A70ED2C8E95BF00D99C9A /* TaskManagementUITestsLaunchTests.swift */,
			);
			path = TaskManagementUITests;
			sourceTree = "<group>";
		};
		1FAF29422C90525400686EA3 /* TaskCalendarView */ = {
			isa = PBXGroup;
			children = (
				1FAF29432C90527900686EA3 /* TaskCalendarView.swift */,
				1F990AF32C911454003B5117 /* DueDateCalendarView.swift */,
				1FAF29402C90040F00686EA3 /* DueDatePicker.swift */,
			);
			path = TaskCalendarView;
			sourceTree = "<group>";
		};
		1FAF29452C9053A500686EA3 /* MenuView */ = {
			isa = PBXGroup;
			children = (
				1FAF29462C9053B900686EA3 /* SideMenuView.swift */,
			);
			path = MenuView;
			sourceTree = "<group>";
		};
		1FAF29492C9058D100686EA3 /* NotificationService */ = {
			isa = PBXGroup;
			children = (
				1FAF294A2C9058EB00686EA3 /* NotificationService.swift */,
			);
			path = NotificationService;
			sourceTree = "<group>";
		};
		1FDA7F052C8E9C2000B969A1 /* Services */ = {
			isa = PBXGroup;
			children = (
				1FAF29492C9058D100686EA3 /* NotificationService */,
				1FDA7F3A2C8EA13B00B969A1 /* NetworkService */,
				1FDA7F0A2C8E9C6100B969A1 /* DataService */,
			);
			path = Services;
			sourceTree = "<group>";
		};
		1FDA7F062C8E9C2C00B969A1 /* ViewModels */ = {
			isa = PBXGroup;
			children = (
				1F341FCF2C8EF71F0098C834 /* DashboardViewModel.swift */,
				1FDA7F152C8E9E6A00B969A1 /* TaskListViewModel.swift */,
				1FDA7F182C8E9E7F00B969A1 /* TaskDetailsViewModel.swift */,
				1FDA7F1B2C8E9E9700B969A1 /* TaskEditViewModel.swift */,
				1F990AF52C91305B003B5117 /* TaskCalendarViewModel.swift */,
			);
			path = ViewModels;
			sourceTree = "<group>";
		};
		1FDA7F072C8E9C3900B969A1 /* Views */ = {
			isa = PBXGroup;
			children = (
				1FAF29452C9053A500686EA3 /* MenuView */,
				1FAF29422C90525400686EA3 /* TaskCalendarView */,
				1FDA7F4D2C8EF39000B969A1 /* DashboardView */,
				1FDA7F212C8E9EDA00B969A1 /* TaskView */,
				1FDA7F262C8E9F1500B969A1 /* DetailView */,
				1FDA7F2D2C8E9F5600B969A1 /* Components */,
				1FAF293A2C8FDDB200686EA3 /* TaskTabarView.swift */,
			);
			path = Views;
			sourceTree = "<group>";
		};
		1FDA7F082C8E9C4100B969A1 /* Models */ = {
			isa = PBXGroup;
			children = (
				1FDA7F0C2C8E9DE500B969A1 /* Task.swift */,
				1FDA7F0E2C8E9DFB00B969A1 /* TaskPriority.swift */,
				1FDA7F122C8E9E2200B969A1 /* TaskCategory.swift */,
				1F341FDA2C8F33AC0098C834 /* TaskStatus.swift */,
				1FAF293C2C9003A200686EA3 /* CalanderDate.swift */,
			);
			path = Models;
			sourceTree = "<group>";
		};
		1FDA7F092C8E9C4E00B969A1 /* Resources */ = {
			isa = PBXGroup;
			children = (
				1FDA7F3F2C8EA32D00B969A1 /* LaunchIcon.png */,
			);
			path = Resources;
			sourceTree = "<group>";
		};
		1FDA7F0A2C8E9C6100B969A1 /* DataService */ = {
			isa = PBXGroup;
			children = (
				1FDA7F3B2C8EA1E400B969A1 /* TaskManagerDB.swift */,
				1FDA7F432C8EBFBD00B969A1 /* TaskEntity.swift */,
			);
			path = DataService;
			sourceTree = "<group>";
		};
		1FDA7F0B2C8E9DC200B969A1 /* Utilities */ = {
			isa = PBXGroup;
			children = (
				1F341FD72C8F073F0098C834 /* Extensions */,
				1FDA7F372C8E9FAE00B969A1 /* Helper */,
				1F64945E2C8F722300344661 /* Utils.swift */,
			);
			path = Utilities;
			sourceTree = "<group>";
		};
		1FDA7F212C8E9EDA00B969A1 /* TaskView */ = {
			isa = PBXGroup;
			children = (
				1FDA7F222C8E9EE900B969A1 /* SubViews */,
				1FDA7F1E2C8E9EB300B969A1 /* TaskListView.swift */,
			);
			path = TaskView;
			sourceTree = "<group>";
		};
		1FDA7F222C8E9EE900B969A1 /* SubViews */ = {
			isa = PBXGroup;
			children = (
				1FDA7F232C8E9F0400B969A1 /* TaskRowView.swift */,
				1FDA7F492C8EE76A00B969A1 /* EmptyTaskView.swift */,
			);
			path = SubViews;
			sourceTree = "<group>";
		};
		1FDA7F262C8E9F1500B969A1 /* DetailView */ = {
			isa = PBXGroup;
			children = (
				1FDA7F472C8EE0B000B969A1 /* AddTaskView.swift */,
				1FDA7F272C8E9F2200B969A1 /* TaskDetailView.swift */,
				1FDA7F2A2C8E9F3A00B969A1 /* TaskEditView.swift */,
			);
			path = DetailView;
			sourceTree = "<group>";
		};
		1FDA7F2D2C8E9F5600B969A1 /* Components */ = {
			isa = PBXGroup;
			children = (
				1F990AF72C9133E5003B5117 /* DueDatePickerView.swift */,
				1FDA7F2E2C8E9F6D00B969A1 /* TaskPriorityIndicatorView.swift */,
				1FDA7F342C8E9F9200B969A1 /* CategoryBadgeView.swift */,
				1FDA7F4F2C8EF3E000B969A1 /* CircleProgressView.swift */,
			);
			path = Components;
			sourceTree = "<group>";
		};
		1FDA7F372C8E9FAE00B969A1 /* Helper */ = {
			isa = PBXGroup;
			children = (
				1FAF294C2C90693800686EA3 /* UserDefaultManager.swift */,
			);
			path = Helper;
			sourceTree = "<group>";
		};
		1FDA7F3A2C8EA13B00B969A1 /* NetworkService */ = {
			isa = PBXGroup;
			children = (
				1FDA7F3D2C8EA1FA00B969A1 /* NetworkClient.swift */,
			);
			path = NetworkService;
			sourceTree = "<group>";
		};
		1FDA7F4D2C8EF39000B969A1 /* DashboardView */ = {
			isa = PBXGroup;
			children = (
				1FDA7F4E2C8EF3A000B969A1 /* SubViews */,
				1FDA7F4B2C8EF0EE00B969A1 /* DashboardView.swift */,
			);
			path = DashboardView;
			sourceTree = "<group>";
		};
		1FDA7F4E2C8EF3A000B969A1 /* SubViews */ = {
			isa = PBXGroup;
			children = (
				1F341FD12C8EFD9E0098C834 /* TodayTaskProgressView.swift */,
				1F341FD32C8EFDEC0098C834 /* TaskInProgressView.swift */,
				1F341FD52C8EFE230098C834 /* TaskGroupView.swift */,
			);
			path = SubViews;
			sourceTree = "<group>";
		};
		51982E9CCC4490EFEC3483A5 /* Frameworks */ = {
			isa = PBXGroup;
			children = (
				DCFD7E81FE717BB38E9F109C /* Pods_TaskManagement.framework */,
			);
			name = Frameworks;
			sourceTree = "<group>";
		};
/* End PBXGroup section */

/* Begin PBXNativeTarget section */
		1F8A70CC2C8E95BE00D99C9A /* TaskManagement */ = {
			isa = PBXNativeTarget;
			buildConfigurationList = 1F8A70F12C8E95BF00D99C9A /* Build configuration list for PBXNativeTarget "TaskManagement" */;
			buildPhases = (
				5D703D4771317F56221939CC /* [CP] Check Pods Manifest.lock */,
				1F8A70C92C8E95BE00D99C9A /* Sources */,
				1F8A70CA2C8E95BE00D99C9A /* Frameworks */,
				1F8A70CB2C8E95BE00D99C9A /* Resources */,
				69AB6A9754A58ADEAE65601F /* [CP] Embed Pods Frameworks */,
			);
			buildRules = (
			);
			dependencies = (
			);
			name = TaskManagement;
			productName = TaskManagement;
			productReference = 1F8A70CD2C8E95BE00D99C9A /* TaskManagement.app */;
			productType = "com.apple.product-type.application";
		};
		1F8A70DC2C8E95BF00D99C9A /* TaskManagementTests */ = {
			isa = PBXNativeTarget;
			buildConfigurationList = 1F8A70F42C8E95BF00D99C9A /* Build configuration list for PBXNativeTarget "TaskManagementTests" */;
			buildPhases = (
				1F8A70D92C8E95BF00D99C9A /* Sources */,
				1F8A70DA2C8E95BF00D99C9A /* Frameworks */,
				1F8A70DB2C8E95BF00D99C9A /* Resources */,
			);
			buildRules = (
			);
			dependencies = (
				1F8A70DF2C8E95BF00D99C9A /* PBXTargetDependency */,
			);
			name = TaskManagementTests;
			productName = TaskManagementTests;
			productReference = 1F8A70DD2C8E95BF00D99C9A /* TaskManagementTests.xctest */;
			productType = "com.apple.product-type.bundle.unit-test";
		};
		1F8A70E62C8E95BF00D99C9A /* TaskManagementUITests */ = {
			isa = PBXNativeTarget;
			buildConfigurationList = 1F8A70F72C8E95BF00D99C9A /* Build configuration list for PBXNativeTarget "TaskManagementUITests" */;
			buildPhases = (
				1F8A70E32C8E95BF00D99C9A /* Sources */,
				1F8A70E42C8E95BF00D99C9A /* Frameworks */,
				1F8A70E52C8E95BF00D99C9A /* Resources */,
			);
			buildRules = (
			);
			dependencies = (
				1F8A70E92C8E95BF00D99C9A /* PBXTargetDependency */,
			);
			name = TaskManagementUITests;
			productName = TaskManagementUITests;
			productReference = 1F8A70E72C8E95BF00D99C9A /* TaskManagementUITests.xctest */;
			productType = "com.apple.product-type.bundle.ui-testing";
		};
/* End PBXNativeTarget section */

/* Begin PBXProject section */
		1F8A70C52C8E95BE00D99C9A /* Project object */ = {
			isa = PBXProject;
			attributes = {
				BuildIndependentTargetsInParallel = 1;
				LastSwiftUpdateCheck = 1540;
				LastUpgradeCheck = 1540;
				TargetAttributes = {
					1F8A70CC2C8E95BE00D99C9A = {
						CreatedOnToolsVersion = 15.4;
					};
					1F8A70DC2C8E95BF00D99C9A = {
						CreatedOnToolsVersion = 15.4;
						TestTargetID = 1F8A70CC2C8E95BE00D99C9A;
					};
					1F8A70E62C8E95BF00D99C9A = {
						CreatedOnToolsVersion = 15.4;
						TestTargetID = 1F8A70CC2C8E95BE00D99C9A;
					};
				};
			};
			buildConfigurationList = 1F8A70C82C8E95BE00D99C9A /* Build configuration list for PBXProject "TaskManagement" */;
			compatibilityVersion = "Xcode 14.0";
			developmentRegion = en;
			hasScannedForEncodings = 0;
			knownRegions = (
				en,
				Base,
			);
			mainGroup = 1F8A70C42C8E95BE00D99C9A;
			productRefGroup = 1F8A70CE2C8E95BE00D99C9A /* Products */;
			projectDirPath = "";
			projectRoot = "";
			targets = (
				1F8A70CC2C8E95BE00D99C9A /* TaskManagement */,
				1F8A70DC2C8E95BF00D99C9A /* TaskManagementTests */,
				1F8A70E62C8E95BF00D99C9A /* TaskManagementUITests */,
			);
		};
/* End PBXProject section */

/* Begin PBXResourcesBuildPhase section */
		1F8A70CB2C8E95BE00D99C9A /* Resources */ = {
			isa = PBXResourcesBuildPhase;
			buildActionMask = 2147483647;
			files = (
				1FDA7F392C8EA0F700B969A1 /* Launch Screen.storyboard in Resources */,
				1FDA7F402C8EA32D00B969A1 /* LaunchIcon.png in Resources */,
				1F8A70D82C8E95BF00D99C9A /* Preview Assets.xcassets in Resources */,
				1F8A70D52C8E95BF00D99C9A /* Assets.xcassets in Resources */,
			);
			runOnlyForDeploymentPostprocessing = 0;
		};
		1F8A70DB2C8E95BF00D99C9A /* Resources */ = {
			isa = PBXResourcesBuildPhase;
			buildActionMask = 2147483647;
			files = (
			);
			runOnlyForDeploymentPostprocessing = 0;
		};
		1F8A70E52C8E95BF00D99C9A /* Resources */ = {
			isa = PBXResourcesBuildPhase;
			buildActionMask = 2147483647;
			files = (
			);
			runOnlyForDeploymentPostprocessing = 0;
		};
/* End PBXResourcesBuildPhase section */

/* Begin PBXShellScriptBuildPhase section */
		5D703D4771317F56221939CC /* [CP] Check Pods Manifest.lock */ = {
			isa = PBXShellScriptBuildPhase;
			buildActionMask = 2147483647;
			files = (
			);
			inputFileListPaths = (
			);
			inputPaths = (
				"${PODS_PODFILE_DIR_PATH}/Podfile.lock",
				"${PODS_ROOT}/Manifest.lock",
			);
			name = "[CP] Check Pods Manifest.lock";
			outputFileListPaths = (
			);
			outputPaths = (
				"$(DERIVED_FILE_DIR)/Pods-TaskManagement-checkManifestLockResult.txt",
			);
			runOnlyForDeploymentPostprocessing = 0;
			shellPath = /bin/sh;
			shellScript = "diff \"${PODS_PODFILE_DIR_PATH}/Podfile.lock\" \"${PODS_ROOT}/Manifest.lock\" > /dev/null\nif [ $? != 0 ] ; then\n    # print error to STDERR\n    echo \"error: The sandbox is not in sync with the Podfile.lock. Run 'pod install' or update your CocoaPods installation.\" >&2\n    exit 1\nfi\n# This output is used by Xcode 'outputs' to avoid re-running this script phase.\necho \"SUCCESS\" > \"${SCRIPT_OUTPUT_FILE_0}\"\n";
			showEnvVarsInLog = 0;
		};
		69AB6A9754A58ADEAE65601F /* [CP] Embed Pods Frameworks */ = {
			isa = PBXShellScriptBuildPhase;
			buildActionMask = 2147483647;
			files = (
			);
			inputFileListPaths = (
				"${PODS_ROOT}/Target Support Files/Pods-TaskManagement/Pods-TaskManagement-frameworks-${CONFIGURATION}-input-files.xcfilelist",
			);
			name = "[CP] Embed Pods Frameworks";
			outputFileListPaths = (
				"${PODS_ROOT}/Target Support Files/Pods-TaskManagement/Pods-TaskManagement-frameworks-${CONFIGURATION}-output-files.xcfilelist",
			);
			runOnlyForDeploymentPostprocessing = 0;
			shellPath = /bin/sh;
			shellScript = "\"${PODS_ROOT}/Target Support Files/Pods-TaskManagement/Pods-TaskManagement-frameworks.sh\"\n";
			showEnvVarsInLog = 0;
		};
/* End PBXShellScriptBuildPhase section */

/* Begin PBXSourcesBuildPhase section */
		1F8A70C92C8E95BE00D99C9A /* Sources */ = {
			isa = PBXSourcesBuildPhase;
			buildActionMask = 2147483647;
			files = (
				1FDA7F242C8E9F0400B969A1 /* TaskRowView.swift in Sources */,
				1FDA7F352C8E9F9200B969A1 /* CategoryBadgeView.swift in Sources */,
				1FDA7F3C2C8EA1E400B969A1 /* TaskManagerDB.swift in Sources */,
				1FDA7F2F2C8E9F6D00B969A1 /* TaskPriorityIndicatorView.swift in Sources */,
				1FAF294B2C9058EB00686EA3 /* NotificationService.swift in Sources */,
				1FAF294D2C90693800686EA3 /* UserDefaultManager.swift in Sources */,
				1FDA7F482C8EE0B000B969A1 /* AddTaskView.swift in Sources */,
				1FDA7F132C8E9E2200B969A1 /* TaskCategory.swift in Sources */,
				1FAF293B2C8FDDB200686EA3 /* TaskTabarView.swift in Sources */,
				1FDA7F282C8E9F2200B969A1 /* TaskDetailView.swift in Sources */,
				1F341FD62C8EFE230098C834 /* TaskGroupView.swift in Sources */,
				1F64945F2C8F722300344661 /* Utils.swift in Sources */,
				1F8A70D32C8E95BE00D99C9A /* ContentView.swift in Sources */,
				1F341FDB2C8F33AC0098C834 /* TaskStatus.swift in Sources */,
				1FDA7F3E2C8EA1FA00B969A1 /* NetworkClient.swift in Sources */,
				1F341FD42C8EFDEC0098C834 /* TaskInProgressView.swift in Sources */,
				1F990AF82C9133E5003B5117 /* DueDatePickerView.swift in Sources */,
				1F341FD22C8EFD9E0098C834 /* TodayTaskProgressView.swift in Sources */,
				1FDA7F4C2C8EF0EE00B969A1 /* DashboardView.swift in Sources */,
				1FDA7F1F2C8E9EB300B969A1 /* TaskListView.swift in Sources */,
				1F990AF62C91305B003B5117 /* TaskCalendarViewModel.swift in Sources */,
				1FDA7F4A2C8EE76A00B969A1 /* EmptyTaskView.swift in Sources */,
				1F990AF42C911454003B5117 /* DueDateCalendarView.swift in Sources */,
				1FAF293D2C9003A200686EA3 /* CalanderDate.swift in Sources */,
				1FDA7F502C8EF3E000B969A1 /* CircleProgressView.swift in Sources */,
				1FAF293F2C9003D100686EA3 /* Date+Extension.swift in Sources */,
				1FAF29472C9053B900686EA3 /* SideMenuView.swift in Sources */,
				1FDA7F0D2C8E9DE500B969A1 /* Task.swift in Sources */,
				1F341FD02C8EF71F0098C834 /* DashboardViewModel.swift in Sources */,
				1F341FD92C8F07530098C834 /* Color+Extension.swift in Sources */,
				1FDA7F0F2C8E9DFB00B969A1 /* TaskPriority.swift in Sources */,
				1FAF29412C90040F00686EA3 /* DueDatePicker.swift in Sources */,
				1FAF29442C90527900686EA3 /* TaskCalendarView.swift in Sources */,
				1F8A70D12C8E95BE00D99C9A /* TaskManagementApp.swift in Sources */,
				1FDA7F162C8E9E6A00B969A1 /* TaskListViewModel.swift in Sources */,
				1FDA7F2B2C8E9F3A00B969A1 /* TaskEditView.swift in Sources */,
				1FDA7F442C8EBFBD00B969A1 /* TaskEntity.swift in Sources */,
				1FDA7F192C8E9E7F00B969A1 /* TaskDetailsViewModel.swift in Sources */,
				1FDA7F1C2C8E9E9700B969A1 /* TaskEditViewModel.swift in Sources */,
			);
			runOnlyForDeploymentPostprocessing = 0;
		};
		1F8A70D92C8E95BF00D99C9A /* Sources */ = {
			isa = PBXSourcesBuildPhase;
			buildActionMask = 2147483647;
			files = (
				1FDA7F1D2C8E9E9700B969A1 /* TaskEditViewModel.swift in Sources */,
				1FDA7F422C8EAC3D00B969A1 /* TaskTest.swift in Sources */,
				1F341FDC2C8F33AC0098C834 /* TaskStatus.swift in Sources */,
				1FDA7F252C8E9F0400B969A1 /* TaskRowView.swift in Sources */,
				1FDA7F102C8E9E0600B969A1 /* Task.swift in Sources */,
				1FDA7F112C8E9E0A00B969A1 /* TaskPriority.swift in Sources */,
				1FDA7F292C8E9F2200B969A1 /* TaskDetailView.swift in Sources */,
				1FDA7F1A2C8E9E7F00B969A1 /* TaskDetailsViewModel.swift in Sources */,
				1FDA7F172C8E9E6A00B969A1 /* TaskListViewModel.swift in Sources */,
				1FDA7F302C8E9F6D00B969A1 /* TaskPriorityIndicatorView.swift in Sources */,
				1FDA7F362C8E9F9200B969A1 /* CategoryBadgeView.swift in Sources */,
				1FDA7F2C2C8E9F3A00B969A1 /* TaskEditView.swift in Sources */,
				1FDA7F142C8E9E2200B969A1 /* TaskCategory.swift in Sources */,
				1FC3D6BA2C8F51FA004E0109 /* AddTaskView.swift in Sources */,
				1F8A70E22C8E95BF00D99C9A /* TaskManagementTests.swift in Sources */,
				1FDA7F202C8E9EB300B969A1 /* TaskListView.swift in Sources */,
			);
			runOnlyForDeploymentPostprocessing = 0;
		};
		1F8A70E32C8E95BF00D99C9A /* Sources */ = {
			isa = PBXSourcesBuildPhase;
			buildActionMask = 2147483647;
			files = (
				1F8A70EE2C8E95BF00D99C9A /* TaskManagementUITestsLaunchTests.swift in Sources */,
				1F8A70EC2C8E95BF00D99C9A /* TaskManagementUITests.swift in Sources */,
			);
			runOnlyForDeploymentPostprocessing = 0;
		};
/* End PBXSourcesBuildPhase section */

/* Begin PBXTargetDependency section */
		1F8A70DF2C8E95BF00D99C9A /* PBXTargetDependency */ = {
			isa = PBXTargetDependency;
			target = 1F8A70CC2C8E95BE00D99C9A /* TaskManagement */;
			targetProxy = 1F8A70DE2C8E95BF00D99C9A /* PBXContainerItemProxy */;
		};
		1F8A70E92C8E95BF00D99C9A /* PBXTargetDependency */ = {
			isa = PBXTargetDependency;
			target = 1F8A70CC2C8E95BE00D99C9A /* TaskManagement */;
			targetProxy = 1F8A70E82C8E95BF00D99C9A /* PBXContainerItemProxy */;
		};
/* End PBXTargetDependency section */

/* Begin XCBuildConfiguration section */
		1F8A70EF2C8E95BF00D99C9A /* Debug */ = {
			isa = XCBuildConfiguration;
			buildSettings = {
				ALWAYS_SEARCH_USER_PATHS = NO;
				ASSETCATALOG_COMPILER_GENERATE_SWIFT_ASSET_SYMBOL_EXTENSIONS = YES;
				CLANG_ANALYZER_NONNULL = YES;
				CLANG_ANALYZER_NUMBER_OBJECT_CONVERSION = YES_AGGRESSIVE;
				CLANG_CXX_LANGUAGE_STANDARD = "gnu++20";
				CLANG_ENABLE_MODULES = YES;
				CLANG_ENABLE_OBJC_ARC = YES;
				CLANG_ENABLE_OBJC_WEAK = YES;
				CLANG_WARN_BLOCK_CAPTURE_AUTORELEASING = YES;
				CLANG_WARN_BOOL_CONVERSION = YES;
				CLANG_WARN_COMMA = YES;
				CLANG_WARN_CONSTANT_CONVERSION = YES;
				CLANG_WARN_DEPRECATED_OBJC_IMPLEMENTATIONS = YES;
				CLANG_WARN_DIRECT_OBJC_ISA_USAGE = YES_ERROR;
				CLANG_WARN_DOCUMENTATION_COMMENTS = YES;
				CLANG_WARN_EMPTY_BODY = YES;
				CLANG_WARN_ENUM_CONVERSION = YES;
				CLANG_WARN_INFINITE_RECURSION = YES;
				CLANG_WARN_INT_CONVERSION = YES;
				CLANG_WARN_NON_LITERAL_NULL_CONVERSION = YES;
				CLANG_WARN_OBJC_IMPLICIT_RETAIN_SELF = YES;
				CLANG_WARN_OBJC_LITERAL_CONVERSION = YES;
				CLANG_WARN_OBJC_ROOT_CLASS = YES_ERROR;
				CLANG_WARN_QUOTED_INCLUDE_IN_FRAMEWORK_HEADER = YES;
				CLANG_WARN_RANGE_LOOP_ANALYSIS = YES;
				CLANG_WARN_STRICT_PROTOTYPES = YES;
				CLANG_WARN_SUSPICIOUS_MOVE = YES;
				CLANG_WARN_UNGUARDED_AVAILABILITY = YES_AGGRESSIVE;
				CLANG_WARN_UNREACHABLE_CODE = YES;
				CLANG_WARN__DUPLICATE_METHOD_MATCH = YES;
				COPY_PHASE_STRIP = NO;
				DEBUG_INFORMATION_FORMAT = dwarf;
				ENABLE_STRICT_OBJC_MSGSEND = YES;
				ENABLE_TESTABILITY = YES;
				ENABLE_USER_SCRIPT_SANDBOXING = NO;
				GCC_C_LANGUAGE_STANDARD = gnu17;
				GCC_DYNAMIC_NO_PIC = NO;
				GCC_NO_COMMON_BLOCKS = YES;
				GCC_OPTIMIZATION_LEVEL = 0;
				GCC_PREPROCESSOR_DEFINITIONS = (
					"DEBUG=1",
					"$(inherited)",
				);
				GCC_WARN_64_TO_32_BIT_CONVERSION = YES;
				GCC_WARN_ABOUT_RETURN_TYPE = YES_ERROR;
				GCC_WARN_UNDECLARED_SELECTOR = YES;
				GCC_WARN_UNINITIALIZED_AUTOS = YES_AGGRESSIVE;
				GCC_WARN_UNUSED_FUNCTION = YES;
				GCC_WARN_UNUSED_VARIABLE = YES;
				IPHONEOS_DEPLOYMENT_TARGET = 17.5;
				LOCALIZATION_PREFERS_STRING_CATALOGS = YES;
				MTL_ENABLE_DEBUG_INFO = INCLUDE_SOURCE;
				MTL_FAST_MATH = YES;
				ONLY_ACTIVE_ARCH = YES;
				SDKROOT = iphoneos;
				SWIFT_ACTIVE_COMPILATION_CONDITIONS = "DEBUG $(inherited)";
				SWIFT_OPTIMIZATION_LEVEL = "-Onone";
			};
			name = Debug;
		};
		1F8A70F02C8E95BF00D99C9A /* Release */ = {
			isa = XCBuildConfiguration;
			buildSettings = {
				ALWAYS_SEARCH_USER_PATHS = NO;
				ASSETCATALOG_COMPILER_GENERATE_SWIFT_ASSET_SYMBOL_EXTENSIONS = YES;
				CLANG_ANALYZER_NONNULL = YES;
				CLANG_ANALYZER_NUMBER_OBJECT_CONVERSION = YES_AGGRESSIVE;
				CLANG_CXX_LANGUAGE_STANDARD = "gnu++20";
				CLANG_ENABLE_MODULES = YES;
				CLANG_ENABLE_OBJC_ARC = YES;
				CLANG_ENABLE_OBJC_WEAK = YES;
				CLANG_WARN_BLOCK_CAPTURE_AUTORELEASING = YES;
				CLANG_WARN_BOOL_CONVERSION = YES;
				CLANG_WARN_COMMA = YES;
				CLANG_WARN_CONSTANT_CONVERSION = YES;
				CLANG_WARN_DEPRECATED_OBJC_IMPLEMENTATIONS = YES;
				CLANG_WARN_DIRECT_OBJC_ISA_USAGE = YES_ERROR;
				CLANG_WARN_DOCUMENTATION_COMMENTS = YES;
				CLANG_WARN_EMPTY_BODY = YES;
				CLANG_WARN_ENUM_CONVERSION = YES;
				CLANG_WARN_INFINITE_RECURSION = YES;
				CLANG_WARN_INT_CONVERSION = YES;
				CLANG_WARN_NON_LITERAL_NULL_CONVERSION = YES;
				CLANG_WARN_OBJC_IMPLICIT_RETAIN_SELF = YES;
				CLANG_WARN_OBJC_LITERAL_CONVERSION = YES;
				CLANG_WARN_OBJC_ROOT_CLASS = YES_ERROR;
				CLANG_WARN_QUOTED_INCLUDE_IN_FRAMEWORK_HEADER = YES;
				CLANG_WARN_RANGE_LOOP_ANALYSIS = YES;
				CLANG_WARN_STRICT_PROTOTYPES = YES;
				CLANG_WARN_SUSPICIOUS_MOVE = YES;
				CLANG_WARN_UNGUARDED_AVAILABILITY = YES_AGGRESSIVE;
				CLANG_WARN_UNREACHABLE_CODE = YES;
				CLANG_WARN__DUPLICATE_METHOD_MATCH = YES;
				COPY_PHASE_STRIP = NO;
				DEBUG_INFORMATION_FORMAT = "dwarf-with-dsym";
				ENABLE_NS_ASSERTIONS = NO;
				ENABLE_STRICT_OBJC_MSGSEND = YES;
				ENABLE_USER_SCRIPT_SANDBOXING = NO;
				GCC_C_LANGUAGE_STANDARD = gnu17;
				GCC_NO_COMMON_BLOCKS = YES;
				GCC_WARN_64_TO_32_BIT_CONVERSION = YES;
				GCC_WARN_ABOUT_RETURN_TYPE = YES_ERROR;
				GCC_WARN_UNDECLARED_SELECTOR = YES;
				GCC_WARN_UNINITIALIZED_AUTOS = YES_AGGRESSIVE;
				GCC_WARN_UNUSED_FUNCTION = YES;
				GCC_WARN_UNUSED_VARIABLE = YES;
				IPHONEOS_DEPLOYMENT_TARGET = 17.5;
				LOCALIZATION_PREFERS_STRING_CATALOGS = YES;
				MTL_ENABLE_DEBUG_INFO = NO;
				MTL_FAST_MATH = YES;
				SDKROOT = iphoneos;
				SWIFT_COMPILATION_MODE = wholemodule;
				VALIDATE_PRODUCT = YES;
			};
			name = Release;
		};
		1F8A70F22C8E95BF00D99C9A /* Debug */ = {
			isa = XCBuildConfiguration;
			baseConfigurationReference = 51C263014581CF55B2C040B6 /* Pods-TaskManagement.debug.xcconfig */;
			buildSettings = {
				ASSETCATALOG_COMPILER_APPICON_NAME = AppIcon;
				ASSETCATALOG_COMPILER_GLOBAL_ACCENT_COLOR_NAME = AccentColor;
				CODE_SIGN_ENTITLEMENTS = TaskManagement/TaskManagement.entitlements;
				CODE_SIGN_STYLE = Automatic;
				CURRENT_PROJECT_VERSION = 1;
				DEVELOPMENT_ASSET_PATHS = "\"TaskManagement/Preview Content\"";
				DEVELOPMENT_TEAM = Y3X2RZ63VV;
				ENABLE_PREVIEWS = YES;
				GENERATE_INFOPLIST_FILE = YES;
				INFOPLIST_KEY_CFBundleDisplayName = Tasks;
				INFOPLIST_KEY_LSApplicationCategoryType = "public.app-category.utilities";
				INFOPLIST_KEY_UIApplicationSceneManifest_Generation = YES;
				INFOPLIST_KEY_UIApplicationSupportsIndirectInputEvents = YES;
				INFOPLIST_KEY_UILaunchScreen_Generation = YES;
				INFOPLIST_KEY_UILaunchStoryboardName = "Launch Screen.storyboard";
				INFOPLIST_KEY_UISupportedInterfaceOrientations_iPad = "UIInterfaceOrientationPortrait UIInterfaceOrientationPortraitUpsideDown UIInterfaceOrientationLandscapeLeft UIInterfaceOrientationLandscapeRight";
				INFOPLIST_KEY_UISupportedInterfaceOrientations_iPhone = "UIInterfaceOrientationPortrait UIInterfaceOrientationLandscapeLeft UIInterfaceOrientationLandscapeRight";
				IPHONEOS_DEPLOYMENT_TARGET = 16.0;
				LD_RUNPATH_SEARCH_PATHS = (
					"$(inherited)",
					"@executable_path/Frameworks",
				);
				MARKETING_VERSION = 1.0;
				PRODUCT_BUNDLE_IDENTIFIER = vn.todolist.taskmanagement;
				PRODUCT_NAME = "$(TARGET_NAME)";
				SWIFT_EMIT_LOC_STRINGS = YES;
				SWIFT_VERSION = 5.0;
				TARGETED_DEVICE_FAMILY = "1,2";
			};
			name = Debug;
		};
		1F8A70F32C8E95BF00D99C9A /* Release */ = {
			isa = XCBuildConfiguration;
			baseConfigurationReference = CB014A516C1828C67A9ECC82 /* Pods-TaskManagement.release.xcconfig */;
			buildSettings = {
				ASSETCATALOG_COMPILER_APPICON_NAME = AppIcon;
				ASSETCATALOG_COMPILER_GLOBAL_ACCENT_COLOR_NAME = AccentColor;
				CODE_SIGN_ENTITLEMENTS = TaskManagement/TaskManagement.entitlements;
				CODE_SIGN_STYLE = Automatic;
				CURRENT_PROJECT_VERSION = 1;
				DEVELOPMENT_ASSET_PATHS = "\"TaskManagement/Preview Content\"";
				DEVELOPMENT_TEAM = Y3X2RZ63VV;
				ENABLE_PREVIEWS = YES;
				GENERATE_INFOPLIST_FILE = YES;
				INFOPLIST_KEY_CFBundleDisplayName = Tasks;
				INFOPLIST_KEY_LSApplicationCategoryType = "public.app-category.utilities";
				INFOPLIST_KEY_UIApplicationSceneManifest_Generation = YES;
				INFOPLIST_KEY_UIApplicationSupportsIndirectInputEvents = YES;
				INFOPLIST_KEY_UILaunchScreen_Generation = YES;
				INFOPLIST_KEY_UILaunchStoryboardName = "Launch Screen.storyboard";
				INFOPLIST_KEY_UISupportedInterfaceOrientations_iPad = "UIInterfaceOrientationPortrait UIInterfaceOrientationPortraitUpsideDown UIInterfaceOrientationLandscapeLeft UIInterfaceOrientationLandscapeRight";
				INFOPLIST_KEY_UISupportedInterfaceOrientations_iPhone = "UIInterfaceOrientationPortrait UIInterfaceOrientationLandscapeLeft UIInterfaceOrientationLandscapeRight";
				IPHONEOS_DEPLOYMENT_TARGET = 16.0;
				LD_RUNPATH_SEARCH_PATHS = (
					"$(inherited)",
					"@executable_path/Frameworks",
				);
				MARKETING_VERSION = 1.0;
				PRODUCT_BUNDLE_IDENTIFIER = vn.todolist.taskmanagement;
				PRODUCT_NAME = "$(TARGET_NAME)";
				SWIFT_EMIT_LOC_STRINGS = YES;
				SWIFT_VERSION = 5.0;
				TARGETED_DEVICE_FAMILY = "1,2";
			};
			name = Release;
		};
		1F8A70F52C8E95BF00D99C9A /* Debug */ = {
			isa = XCBuildConfiguration;
			buildSettings = {
				ALWAYS_EMBED_SWIFT_STANDARD_LIBRARIES = YES;
				BUNDLE_LOADER = "$(TEST_HOST)";
				CODE_SIGN_STYLE = Automatic;
				CURRENT_PROJECT_VERSION = 1;
				DEVELOPMENT_TEAM = Y3X2RZ63VV;
				GENERATE_INFOPLIST_FILE = YES;
				IPHONEOS_DEPLOYMENT_TARGET = 17.5;
				MARKETING_VERSION = 1.0;
				PRODUCT_BUNDLE_IDENTIFIER = vn.dreammerly.TaskManagementTests;
				PRODUCT_NAME = "$(TARGET_NAME)";
				SWIFT_EMIT_LOC_STRINGS = NO;
				SWIFT_VERSION = 5.0;
				TARGETED_DEVICE_FAMILY = "1,2";
				TEST_HOST = "$(BUILT_PRODUCTS_DIR)/TaskManagement.app/$(BUNDLE_EXECUTABLE_FOLDER_PATH)/TaskManagement";
			};
			name = Debug;
		};
		1F8A70F62C8E95BF00D99C9A /* Release */ = {
			isa = XCBuildConfiguration;
			buildSettings = {
				ALWAYS_EMBED_SWIFT_STANDARD_LIBRARIES = YES;
				BUNDLE_LOADER = "$(TEST_HOST)";
				CODE_SIGN_STYLE = Automatic;
				CURRENT_PROJECT_VERSION = 1;
				DEVELOPMENT_TEAM = Y3X2RZ63VV;
				GENERATE_INFOPLIST_FILE = YES;
				IPHONEOS_DEPLOYMENT_TARGET = 17.5;
				MARKETING_VERSION = 1.0;
				PRODUCT_BUNDLE_IDENTIFIER = vn.dreammerly.TaskManagementTests;
				PRODUCT_NAME = "$(TARGET_NAME)";
				SWIFT_EMIT_LOC_STRINGS = NO;
				SWIFT_VERSION = 5.0;
				TARGETED_DEVICE_FAMILY = "1,2";
				TEST_HOST = "$(BUILT_PRODUCTS_DIR)/TaskManagement.app/$(BUNDLE_EXECUTABLE_FOLDER_PATH)/TaskManagement";
			};
			name = Release;
		};
		1F8A70F82C8E95BF00D99C9A /* Debug */ = {
			isa = XCBuildConfiguration;
			buildSettings = {
				ALWAYS_EMBED_SWIFT_STANDARD_LIBRARIES = YES;
				CODE_SIGN_STYLE = Automatic;
				CURRENT_PROJECT_VERSION = 1;
				DEVELOPMENT_TEAM = Y3X2RZ63VV;
				GENERATE_INFOPLIST_FILE = YES;
				MARKETING_VERSION = 1.0;
				PRODUCT_BUNDLE_IDENTIFIER = vn.dreammerly.TaskManagementUITests;
				PRODUCT_NAME = "$(TARGET_NAME)";
				SWIFT_EMIT_LOC_STRINGS = NO;
				SWIFT_VERSION = 5.0;
				TARGETED_DEVICE_FAMILY = "1,2";
				TEST_TARGET_NAME = TaskManagement;
			};
			name = Debug;
		};
		1F8A70F92C8E95BF00D99C9A /* Release */ = {
			isa = XCBuildConfiguration;
			buildSettings = {
				ALWAYS_EMBED_SWIFT_STANDARD_LIBRARIES = YES;
				CODE_SIGN_STYLE = Automatic;
				CURRENT_PROJECT_VERSION = 1;
				DEVELOPMENT_TEAM = Y3X2RZ63VV;
				GENERATE_INFOPLIST_FILE = YES;
				MARKETING_VERSION = 1.0;
				PRODUCT_BUNDLE_IDENTIFIER = vn.dreammerly.TaskManagementUITests;
				PRODUCT_NAME = "$(TARGET_NAME)";
				SWIFT_EMIT_LOC_STRINGS = NO;
				SWIFT_VERSION = 5.0;
				TARGETED_DEVICE_FAMILY = "1,2";
				TEST_TARGET_NAME = TaskManagement;
			};
			name = Release;
		};
/* End XCBuildConfiguration section */

/* Begin XCConfigurationList section */
		1F8A70C82C8E95BE00D99C9A /* Build configuration list for PBXProject "TaskManagement" */ = {
			isa = XCConfigurationList;
			buildConfigurations = (
				1F8A70EF2C8E95BF00D99C9A /* Debug */,
				1F8A70F02C8E95BF00D99C9A /* Release */,
			);
			defaultConfigurationIsVisible = 0;
			defaultConfigurationName = Release;
		};
		1F8A70F12C8E95BF00D99C9A /* Build configuration list for PBXNativeTarget "TaskManagement" */ = {
			isa = XCConfigurationList;
			buildConfigurations = (
				1F8A70F22C8E95BF00D99C9A /* Debug */,
				1F8A70F32C8E95BF00D99C9A /* Release */,
			);
			defaultConfigurationIsVisible = 0;
			defaultConfigurationName = Release;
		};
		1F8A70F42C8E95BF00D99C9A /* Build configuration list for PBXNativeTarget "TaskManagementTests" */ = {
			isa = XCConfigurationList;
			buildConfigurations = (
				1F8A70F52C8E95BF00D99C9A /* Debug */,
				1F8A70F62C8E95BF00D99C9A /* Release */,
			);
			defaultConfigurationIsVisible = 0;
			defaultConfigurationName = Release;
		};
		1F8A70F72C8E95BF00D99C9A /* Build configuration list for PBXNativeTarget "TaskManagementUITests" */ = {
			isa = XCConfigurationList;
			buildConfigurations = (
				1F8A70F82C8E95BF00D99C9A /* Debug */,
				1F8A70F92C8E95BF00D99C9A /* Release */,
			);
			defaultConfigurationIsVisible = 0;
			defaultConfigurationName = Release;
		};
/* End XCConfigurationList section */
	};
	rootObject = 1F8A70C52C8E95BE00D99C9A /* Project object */;
}
